// !$*UTF8*$!
{
	archiveVersion = 1;
	classes = {
	};
	objectVersion = 46;
	objects = {

/* Begin PBXBuildFile section */
		5E5D10BB1B48355200432B25 /* Control+RxTests+UIKit.swift in Sources */ = {isa = PBXBuildFile; fileRef = 5E5D10BA1B48355200432B25 /* Control+RxTests+UIKit.swift */; };
		C69B65001BA88FAC00A7FA73 /* ObserverTests.swift in Sources */ = {isa = PBXBuildFile; fileRef = C69B64FF1BA88FAC00A7FA73 /* ObserverTests.swift */; };
		C69B65011BA8957C00A7FA73 /* ObserverTests.swift in Sources */ = {isa = PBXBuildFile; fileRef = C69B64FF1BA88FAC00A7FA73 /* ObserverTests.swift */; };
		C801EB5A1B97951100C4D8C4 /* Observable+CreationTest.swift in Sources */ = {isa = PBXBuildFile; fileRef = C801EB591B97951100C4D8C4 /* Observable+CreationTest.swift */; };
		C801EB5B1B97951100C4D8C4 /* Observable+CreationTest.swift in Sources */ = {isa = PBXBuildFile; fileRef = C801EB591B97951100C4D8C4 /* Observable+CreationTest.swift */; };
		C80DDEDC1BCE9A03006A1832 /* Driver+Test.swift in Sources */ = {isa = PBXBuildFile; fileRef = C80DDEDB1BCE9A03006A1832 /* Driver+Test.swift */; };
		C80DDEDD1BCE9A03006A1832 /* Driver+Test.swift in Sources */ = {isa = PBXBuildFile; fileRef = C80DDEDB1BCE9A03006A1832 /* Driver+Test.swift */; };
		C80DDEDE1BCE9A03006A1832 /* Driver+Test.swift in Sources */ = {isa = PBXBuildFile; fileRef = C80DDEDB1BCE9A03006A1832 /* Driver+Test.swift */; };
		C80DDEE01BCEE898006A1832 /* MainThreadPrimitiveHotObservable.swift in Sources */ = {isa = PBXBuildFile; fileRef = C80DDEDF1BCEE898006A1832 /* MainThreadPrimitiveHotObservable.swift */; };
		C80DDEE11BCEE898006A1832 /* MainThreadPrimitiveHotObservable.swift in Sources */ = {isa = PBXBuildFile; fileRef = C80DDEDF1BCEE898006A1832 /* MainThreadPrimitiveHotObservable.swift */; };
		C80DDEE21BCEE898006A1832 /* MainThreadPrimitiveHotObservable.swift in Sources */ = {isa = PBXBuildFile; fileRef = C80DDEDF1BCEE898006A1832 /* MainThreadPrimitiveHotObservable.swift */; };
		C811084D1AF50E2A001C13E4 /* NSNotificationCenterTests.swift in Sources */ = {isa = PBXBuildFile; fileRef = C811082B1AF50E2A001C13E4 /* NSNotificationCenterTests.swift */; };
		C811084F1AF50E2A001C13E4 /* ColdObservable.swift in Sources */ = {isa = PBXBuildFile; fileRef = C81108301AF50E2A001C13E4 /* ColdObservable.swift */; };
		C81108501AF50E2A001C13E4 /* TestConnectableObservable.swift in Sources */ = {isa = PBXBuildFile; fileRef = C81108311AF50E2A001C13E4 /* TestConnectableObservable.swift */; };
		C81108511AF50E2A001C13E4 /* HotObservable.swift in Sources */ = {isa = PBXBuildFile; fileRef = C81108321AF50E2A001C13E4 /* HotObservable.swift */; };
		C81108521AF50E2A001C13E4 /* MockObserver.swift in Sources */ = {isa = PBXBuildFile; fileRef = C81108331AF50E2A001C13E4 /* MockObserver.swift */; };
		C81108531AF50E2A001C13E4 /* MySubject.swift in Sources */ = {isa = PBXBuildFile; fileRef = C81108341AF50E2A001C13E4 /* MySubject.swift */; };
		C81108541AF50E2A001C13E4 /* Observable.Extensions.swift in Sources */ = {isa = PBXBuildFile; fileRef = C81108351AF50E2A001C13E4 /* Observable.Extensions.swift */; };
		C81108551AF50E2A001C13E4 /* TestObservable.swift in Sources */ = {isa = PBXBuildFile; fileRef = C81108361AF50E2A001C13E4 /* TestObservable.swift */; };
		C81108561AF50E2A001C13E4 /* TestObserver.swift in Sources */ = {isa = PBXBuildFile; fileRef = C81108371AF50E2A001C13E4 /* TestObserver.swift */; };
		C81108571AF50E2A001C13E4 /* Recorded.swift in Sources */ = {isa = PBXBuildFile; fileRef = C81108381AF50E2A001C13E4 /* Recorded.swift */; };
		C81108591AF50E2A001C13E4 /* TestScheduler.swift in Sources */ = {isa = PBXBuildFile; fileRef = C811083B1AF50E2A001C13E4 /* TestScheduler.swift */; };
		C811085A1AF50E2A001C13E4 /* VirtualTimeSchedulerBase.swift in Sources */ = {isa = PBXBuildFile; fileRef = C811083C1AF50E2A001C13E4 /* VirtualTimeSchedulerBase.swift */; };
		C811085B1AF50E2A001C13E4 /* Subscription.swift in Sources */ = {isa = PBXBuildFile; fileRef = C811083D1AF50E2A001C13E4 /* Subscription.swift */; };
		C811085D1AF50E2A001C13E4 /* AssumptionsTest.swift in Sources */ = {isa = PBXBuildFile; fileRef = C81108401AF50E2A001C13E4 /* AssumptionsTest.swift */; };
		C811085E1AF50E2A001C13E4 /* ConcurrencyTest.swift in Sources */ = {isa = PBXBuildFile; fileRef = C81108411AF50E2A001C13E4 /* ConcurrencyTest.swift */; };
		C811085F1AF50E2A001C13E4 /* DisposableTest.swift in Sources */ = {isa = PBXBuildFile; fileRef = C81108421AF50E2A001C13E4 /* DisposableTest.swift */; };
		C81108601AF50E2A001C13E4 /* Observable+AggregateTest.swift in Sources */ = {isa = PBXBuildFile; fileRef = C81108431AF50E2A001C13E4 /* Observable+AggregateTest.swift */; };
		C81108611AF50E2A001C13E4 /* Observable+BindingTest.swift in Sources */ = {isa = PBXBuildFile; fileRef = C81108441AF50E2A001C13E4 /* Observable+BindingTest.swift */; };
		C81108621AF50E2A001C13E4 /* Observable+MultipleTest+CombineLatest.swift in Sources */ = {isa = PBXBuildFile; fileRef = C81108451AF50E2A001C13E4 /* Observable+MultipleTest+CombineLatest.swift */; };
		C81108641AF50E2A001C13E4 /* Observable+MultipleTest.swift in Sources */ = {isa = PBXBuildFile; fileRef = C81108471AF50E2A001C13E4 /* Observable+MultipleTest.swift */; };
		C81108651AF50E2A001C13E4 /* Observable+SingleTest.swift in Sources */ = {isa = PBXBuildFile; fileRef = C81108481AF50E2A001C13E4 /* Observable+SingleTest.swift */; };
		C81108661AF50E2A001C13E4 /* Observable+StandardSequenceOperatorsTest.swift in Sources */ = {isa = PBXBuildFile; fileRef = C81108491AF50E2A001C13E4 /* Observable+StandardSequenceOperatorsTest.swift */; };
		C81108671AF50E2A001C13E4 /* Observable+TimeTest.swift in Sources */ = {isa = PBXBuildFile; fileRef = C811084A1AF50E2A001C13E4 /* Observable+TimeTest.swift */; };
		C81108681AF50E2A001C13E4 /* QueueTests.swift in Sources */ = {isa = PBXBuildFile; fileRef = C811084B1AF50E2A001C13E4 /* QueueTests.swift */; };
		C81108691AF50E2A001C13E4 /* RxTest.swift in Sources */ = {isa = PBXBuildFile; fileRef = C811084C1AF50E2A001C13E4 /* RxTest.swift */; };
		C814CEA31AF5622600E98087 /* VariableTest.swift in Sources */ = {isa = PBXBuildFile; fileRef = C814CEA21AF5622600E98087 /* VariableTest.swift */; };
		C814CEA71AF642D600E98087 /* UI+RxTests.swift in Sources */ = {isa = PBXBuildFile; fileRef = C814CEA61AF642D600E98087 /* UI+RxTests.swift */; };
		C81CC92B1B513FD400915606 /* NSObject+RxTests.swift in Sources */ = {isa = PBXBuildFile; fileRef = C81CC92A1B513FD400915606 /* NSObject+RxTests.swift */; };
		C81CC92C1B513FD400915606 /* NSObject+RxTests.swift in Sources */ = {isa = PBXBuildFile; fileRef = C81CC92A1B513FD400915606 /* NSObject+RxTests.swift */; };
		C836EA011B8A76A900AB941D /* RxSwift.framework in Frameworks */ = {isa = PBXBuildFile; fileRef = C836EA001B8A76A900AB941D /* RxSwift.framework */; };
		C836EA081B8A76CD00AB941D /* RxSwift.framework in Frameworks */ = {isa = PBXBuildFile; fileRef = C836EA001B8A76A900AB941D /* RxSwift.framework */; };
		C84B8FC21B89D0D500C9CCCF /* BagTest.swift in Sources */ = {isa = PBXBuildFile; fileRef = C84B8FC11B89D0D500C9CCCF /* BagTest.swift */; };
		C84B8FC31B89D0D500C9CCCF /* BagTest.swift in Sources */ = {isa = PBXBuildFile; fileRef = C84B8FC11B89D0D500C9CCCF /* BagTest.swift */; };
		C84CC4E91BDADA0B00E06A64 /* RxSwift.framework in Frameworks */ = {isa = PBXBuildFile; fileRef = C836EA001B8A76A900AB941D /* RxSwift.framework */; };
		C84CC4EB1BDAEDF700E06A64 /* RxCocoa.framework in Frameworks */ = {isa = PBXBuildFile; fileRef = C84CC4EA1BDAEDF700E06A64 /* RxCocoa.framework */; };
		C85F4E431B7F70EA00A866C7 /* CompositeObserverTest.swift in Sources */ = {isa = PBXBuildFile; fileRef = C85F4E421B7F70EA00A866C7 /* CompositeObserverTest.swift */; };
		C85F4E441B7F70EA00A866C7 /* CompositeObserverTest.swift in Sources */ = {isa = PBXBuildFile; fileRef = C85F4E421B7F70EA00A866C7 /* CompositeObserverTest.swift */; };
		C8633AE51B0A9FF300375D60 /* KVOObservableTests.swift in Sources */ = {isa = PBXBuildFile; fileRef = C8633AE41B0A9FF300375D60 /* KVOObservableTests.swift */; };
		C8633AE61B0AA0ED00375D60 /* KVOObservableTests.swift in Sources */ = {isa = PBXBuildFile; fileRef = C8633AE41B0A9FF300375D60 /* KVOObservableTests.swift */; };
		C868D0F71BB75EAE003D1474 /* RxTest.swift in Sources */ = {isa = PBXBuildFile; fileRef = C811084C1AF50E2A001C13E4 /* RxTest.swift */; };
		C868D0F91BB76A29003D1474 /* PerformanceTools.swift in Sources */ = {isa = PBXBuildFile; fileRef = C868D0F81BB76A29003D1474 /* PerformanceTools.swift */; };
		C868D0FA1BB76A29003D1474 /* PerformanceTools.swift in Sources */ = {isa = PBXBuildFile; fileRef = C868D0F81BB76A29003D1474 /* PerformanceTools.swift */; };
		C868D10C1BB950D4003D1474 /* main.swift in Sources */ = {isa = PBXBuildFile; fileRef = C868D10B1BB950D4003D1474 /* main.swift */; };
		C868D1171BB9512B003D1474 /* PerformanceTools.swift in Sources */ = {isa = PBXBuildFile; fileRef = C868D0F81BB76A29003D1474 /* PerformanceTools.swift */; };
		C88BB8911B07E64B0064D411 /* Observable+ConcurrencyTest.swift in Sources */ = {isa = PBXBuildFile; fileRef = C8B787F91AF55CDE00206D02 /* Observable+ConcurrencyTest.swift */; };
		C88BB8941B07E64B0064D411 /* Observable+TimeTest.swift in Sources */ = {isa = PBXBuildFile; fileRef = C811084A1AF50E2A001C13E4 /* Observable+TimeTest.swift */; };
		C88BB8951B07E64B0064D411 /* TestObservable.swift in Sources */ = {isa = PBXBuildFile; fileRef = C81108361AF50E2A001C13E4 /* TestObservable.swift */; };
		C88BB8961B07E64B0064D411 /* Subscription.swift in Sources */ = {isa = PBXBuildFile; fileRef = C811083D1AF50E2A001C13E4 /* Subscription.swift */; };
		C88BB8971B07E64B0064D411 /* MySubject.swift in Sources */ = {isa = PBXBuildFile; fileRef = C81108341AF50E2A001C13E4 /* MySubject.swift */; };
		C88BB8981B07E64B0064D411 /* UI+RxTests.swift in Sources */ = {isa = PBXBuildFile; fileRef = C814CEA61AF642D600E98087 /* UI+RxTests.swift */; };
		C88BB8991B07E64B0064D411 /* Observable+BindingTest.swift in Sources */ = {isa = PBXBuildFile; fileRef = C81108441AF50E2A001C13E4 /* Observable+BindingTest.swift */; };
		C88BB89A1B07E64B0064D411 /* NSNotificationCenterTests.swift in Sources */ = {isa = PBXBuildFile; fileRef = C811082B1AF50E2A001C13E4 /* NSNotificationCenterTests.swift */; };
		C88BB89B1B07E64B0064D411 /* Observable+MultipleTest+CombineLatest.swift in Sources */ = {isa = PBXBuildFile; fileRef = C81108451AF50E2A001C13E4 /* Observable+MultipleTest+CombineLatest.swift */; };
		C88BB89C1B07E64B0064D411 /* ConcurrencyTest.swift in Sources */ = {isa = PBXBuildFile; fileRef = C81108411AF50E2A001C13E4 /* ConcurrencyTest.swift */; };
		C88BB89D1B07E64B0064D411 /* TestObserver.swift in Sources */ = {isa = PBXBuildFile; fileRef = C81108371AF50E2A001C13E4 /* TestObserver.swift */; };
		C88BB89E1B07E64B0064D411 /* VirtualTimeSchedulerBase.swift in Sources */ = {isa = PBXBuildFile; fileRef = C811083C1AF50E2A001C13E4 /* VirtualTimeSchedulerBase.swift */; };
		C88BB89F1B07E64B0064D411 /* DisposableTest.swift in Sources */ = {isa = PBXBuildFile; fileRef = C81108421AF50E2A001C13E4 /* DisposableTest.swift */; };
		C88BB8A01B07E64B0064D411 /* Observable+StandardSequenceOperatorsTest.swift in Sources */ = {isa = PBXBuildFile; fileRef = C81108491AF50E2A001C13E4 /* Observable+StandardSequenceOperatorsTest.swift */; };
		C88BB8A11B07E64B0064D411 /* Observable+MultipleTest.swift in Sources */ = {isa = PBXBuildFile; fileRef = C81108471AF50E2A001C13E4 /* Observable+MultipleTest.swift */; };
		C88BB8A21B07E64B0064D411 /* ColdObservable.swift in Sources */ = {isa = PBXBuildFile; fileRef = C81108301AF50E2A001C13E4 /* ColdObservable.swift */; };
		C88BB8A31B07E64B0064D411 /* HotObservable.swift in Sources */ = {isa = PBXBuildFile; fileRef = C81108321AF50E2A001C13E4 /* HotObservable.swift */; };
		C88BB8A41B07E64B0064D411 /* Observable.Extensions.swift in Sources */ = {isa = PBXBuildFile; fileRef = C81108351AF50E2A001C13E4 /* Observable.Extensions.swift */; };
		C88BB8A51B07E64B0064D411 /* QueueTests.swift in Sources */ = {isa = PBXBuildFile; fileRef = C811084B1AF50E2A001C13E4 /* QueueTests.swift */; };
		C88BB8A61B07E64B0064D411 /* Observable+SingleTest.swift in Sources */ = {isa = PBXBuildFile; fileRef = C81108481AF50E2A001C13E4 /* Observable+SingleTest.swift */; };
		C88BB8A71B07E64B0064D411 /* Recorded.swift in Sources */ = {isa = PBXBuildFile; fileRef = C81108381AF50E2A001C13E4 /* Recorded.swift */; };
		C88BB8A81B07E64B0064D411 /* TestScheduler.swift in Sources */ = {isa = PBXBuildFile; fileRef = C811083B1AF50E2A001C13E4 /* TestScheduler.swift */; };
		C88BB8A91B07E64B0064D411 /* Observable+AggregateTest.swift in Sources */ = {isa = PBXBuildFile; fileRef = C81108431AF50E2A001C13E4 /* Observable+AggregateTest.swift */; };
		C88BB8AA1B07E64B0064D411 /* MockObserver.swift in Sources */ = {isa = PBXBuildFile; fileRef = C81108331AF50E2A001C13E4 /* MockObserver.swift */; };
		C88BB8AC1B07E64B0064D411 /* AssumptionsTest.swift in Sources */ = {isa = PBXBuildFile; fileRef = C81108401AF50E2A001C13E4 /* AssumptionsTest.swift */; };
		C88BB8AD1B07E64B0064D411 /* TestConnectableObservable.swift in Sources */ = {isa = PBXBuildFile; fileRef = C81108311AF50E2A001C13E4 /* TestConnectableObservable.swift */; };
		C88BB8AE1B07E64B0064D411 /* VariableTest.swift in Sources */ = {isa = PBXBuildFile; fileRef = C814CEA21AF5622600E98087 /* VariableTest.swift */; };
		C8941BD91BD4F58C00A0E874 /* BackgroundThreadPrimitiveHotObservable.swift in Sources */ = {isa = PBXBuildFile; fileRef = C8941BD81BD4F58C00A0E874 /* BackgroundThreadPrimitiveHotObservable.swift */; };
		C8941BDA1BD4F58C00A0E874 /* BackgroundThreadPrimitiveHotObservable.swift in Sources */ = {isa = PBXBuildFile; fileRef = C8941BD81BD4F58C00A0E874 /* BackgroundThreadPrimitiveHotObservable.swift */; };
		C8941BDB1BD4F58C00A0E874 /* BackgroundThreadPrimitiveHotObservable.swift in Sources */ = {isa = PBXBuildFile; fileRef = C8941BD81BD4F58C00A0E874 /* BackgroundThreadPrimitiveHotObservable.swift */; };
		C897EC3B1B10E000009C2CB0 /* BehaviorSubjectTest.swift in Sources */ = {isa = PBXBuildFile; fileRef = C897EC3A1B10E000009C2CB0 /* BehaviorSubjectTest.swift */; };
		C897EC3C1B10E000009C2CB0 /* BehaviorSubjectTest.swift in Sources */ = {isa = PBXBuildFile; fileRef = C897EC3A1B10E000009C2CB0 /* BehaviorSubjectTest.swift */; };
		C897EC4A1B1123DA009C2CB0 /* Observable+MultipleTest+Zip.swift in Sources */ = {isa = PBXBuildFile; fileRef = C897EC491B1123DA009C2CB0 /* Observable+MultipleTest+Zip.swift */; };
		C897EC4B1B1123DA009C2CB0 /* Observable+MultipleTest+Zip.swift in Sources */ = {isa = PBXBuildFile; fileRef = C897EC491B1123DA009C2CB0 /* Observable+MultipleTest+Zip.swift */; };
		C89CDB961BCDA1F1002063D9 /* Observable+SubscriptionTest.swift in Sources */ = {isa = PBXBuildFile; fileRef = C89CDB951BCDA1F1002063D9 /* Observable+SubscriptionTest.swift */; };
		C89CDB971BCDA1F1002063D9 /* Observable+SubscriptionTest.swift in Sources */ = {isa = PBXBuildFile; fileRef = C89CDB951BCDA1F1002063D9 /* Observable+SubscriptionTest.swift */; };
		C89CDB981BCDA1F1002063D9 /* Observable+SubscriptionTest.swift in Sources */ = {isa = PBXBuildFile; fileRef = C89CDB951BCDA1F1002063D9 /* Observable+SubscriptionTest.swift */; };
		C8A468CD1B8A897800BF917B /* RxCocoa.framework in Frameworks */ = {isa = PBXBuildFile; fileRef = C8A468CC1B8A897800BF917B /* RxCocoa.framework */; };
		C8A468CF1B8A897D00BF917B /* RxBlocking.framework in Frameworks */ = {isa = PBXBuildFile; fileRef = C8A468CE1B8A897D00BF917B /* RxBlocking.framework */; };
		C8A468D01B8A899C00BF917B /* RxBlocking.framework in Frameworks */ = {isa = PBXBuildFile; fileRef = C8A468CE1B8A897D00BF917B /* RxBlocking.framework */; };
		C8A468D11B8A899C00BF917B /* RxCocoa.framework in Frameworks */ = {isa = PBXBuildFile; fileRef = C8A468CC1B8A897800BF917B /* RxCocoa.framework */; };
		C8AF26EF1B499E5C00131C03 /* DelegateProxyTest.swift in Sources */ = {isa = PBXBuildFile; fileRef = C8AF26EE1B499E5C00131C03 /* DelegateProxyTest.swift */; };
		C8AF26F01B499E5C00131C03 /* DelegateProxyTest.swift in Sources */ = {isa = PBXBuildFile; fileRef = C8AF26EE1B499E5C00131C03 /* DelegateProxyTest.swift */; };
		C8B5BEA11B4A6A82000D732C /* RxCocoaTests.swift in Sources */ = {isa = PBXBuildFile; fileRef = C8B5BEA01B4A6A82000D732C /* RxCocoaTests.swift */; };
		C8B605EC1B6260A10044410E /* AnonymousObservable+Test.swift in Sources */ = {isa = PBXBuildFile; fileRef = C8B605EB1B6260A10044410E /* AnonymousObservable+Test.swift */; };
		C8B605ED1B6260A10044410E /* AnonymousObservable+Test.swift in Sources */ = {isa = PBXBuildFile; fileRef = C8B605EB1B6260A10044410E /* AnonymousObservable+Test.swift */; };
		C8B787FA1AF55CDE00206D02 /* Observable+ConcurrencyTest.swift in Sources */ = {isa = PBXBuildFile; fileRef = C8B787F91AF55CDE00206D02 /* Observable+ConcurrencyTest.swift */; };
		C8CDD7D41B52BEC40043F0C5 /* Observable+BlockingTest.swift in Sources */ = {isa = PBXBuildFile; fileRef = C8CDD7D31B52BEC40043F0C5 /* Observable+BlockingTest.swift */; };
		C8CDD7D51B52BEC40043F0C5 /* Observable+BlockingTest.swift in Sources */ = {isa = PBXBuildFile; fileRef = C8CDD7D31B52BEC40043F0C5 /* Observable+BlockingTest.swift */; };
		C8E381231B2063CC008CDC33 /* Observable+Extensions.swift in Sources */ = {isa = PBXBuildFile; fileRef = C8E381221B2063CC008CDC33 /* Observable+Extensions.swift */; };
		C8E381281B207D03008CDC33 /* PrimitiveHotObservable.swift in Sources */ = {isa = PBXBuildFile; fileRef = C8E381271B207D03008CDC33 /* PrimitiveHotObservable.swift */; };
		C8E381291B207D03008CDC33 /* PrimitiveHotObservable.swift in Sources */ = {isa = PBXBuildFile; fileRef = C8E381271B207D03008CDC33 /* PrimitiveHotObservable.swift */; };
		C8E3812B1B2083C2008CDC33 /* PrimitiveMockObserver.swift in Sources */ = {isa = PBXBuildFile; fileRef = C8E3812A1B2083C2008CDC33 /* PrimitiveMockObserver.swift */; };
		C8E3812C1B2083C2008CDC33 /* PrimitiveMockObserver.swift in Sources */ = {isa = PBXBuildFile; fileRef = C8E3812A1B2083C2008CDC33 /* PrimitiveMockObserver.swift */; };
		C8E3813A1B21B77E008CDC33 /* Observable+Extensions.swift in Sources */ = {isa = PBXBuildFile; fileRef = C8E381221B2063CC008CDC33 /* Observable+Extensions.swift */; };
		C8E9D2BD1BD422D80079D0DB /* Control+RxTests.swift in Sources */ = {isa = PBXBuildFile; fileRef = C8E9D2BC1BD422D80079D0DB /* Control+RxTests.swift */; };
		C8E9D2BE1BD422D80079D0DB /* Control+RxTests.swift in Sources */ = {isa = PBXBuildFile; fileRef = C8E9D2BC1BD422D80079D0DB /* Control+RxTests.swift */; };
		C8E9D2BF1BD422D80079D0DB /* Control+RxTests.swift in Sources */ = {isa = PBXBuildFile; fileRef = C8E9D2BC1BD422D80079D0DB /* Control+RxTests.swift */; };
		C8E9D2C41BD452650079D0DB /* Control+RxTests+Cocoa.swift in Sources */ = {isa = PBXBuildFile; fileRef = C8E9D2C01BD4525B0079D0DB /* Control+RxTests+Cocoa.swift */; };
		C8EA2D371BD02E1900FB22AC /* EquatableArray.swift in Sources */ = {isa = PBXBuildFile; fileRef = C8EA2D361BD02E1900FB22AC /* EquatableArray.swift */; };
		C8EA2D381BD02E1900FB22AC /* EquatableArray.swift in Sources */ = {isa = PBXBuildFile; fileRef = C8EA2D361BD02E1900FB22AC /* EquatableArray.swift */; };
		C8EA2D391BD02E1900FB22AC /* EquatableArray.swift in Sources */ = {isa = PBXBuildFile; fileRef = C8EA2D361BD02E1900FB22AC /* EquatableArray.swift */; };
		C8F6A1411BEFE04F007DF367 /* SubjectConcurrencyTest.swift in Sources */ = {isa = PBXBuildFile; fileRef = C8F6A1401BEFE04F007DF367 /* SubjectConcurrencyTest.swift */; };
		C8F6A1421BEFE04F007DF367 /* SubjectConcurrencyTest.swift in Sources */ = {isa = PBXBuildFile; fileRef = C8F6A1401BEFE04F007DF367 /* SubjectConcurrencyTest.swift */; };
		C8F6A1431BEFE04F007DF367 /* SubjectConcurrencyTest.swift in Sources */ = {isa = PBXBuildFile; fileRef = C8F6A1401BEFE04F007DF367 /* SubjectConcurrencyTest.swift */; };
		C8FDC5F81B2B5B7E0065F8D9 /* ElementIndexPair.swift in Sources */ = {isa = PBXBuildFile; fileRef = C8FDC5F71B2B5B7E0065F8D9 /* ElementIndexPair.swift */; };
		C8FDC5F91B2B5B7E0065F8D9 /* ElementIndexPair.swift in Sources */ = {isa = PBXBuildFile; fileRef = C8FDC5F71B2B5B7E0065F8D9 /* ElementIndexPair.swift */; };
		D203C4EB1BB9C22800D02D00 /* NSNotificationCenterTests.swift in Sources */ = {isa = PBXBuildFile; fileRef = C811082B1AF50E2A001C13E4 /* NSNotificationCenterTests.swift */; };
		D203C4EC1BB9C22800D02D00 /* UI+RxTests.swift in Sources */ = {isa = PBXBuildFile; fileRef = C814CEA61AF642D600E98087 /* UI+RxTests.swift */; };
		D203C4EE1BB9C22800D02D00 /* KVOObservableTests.swift in Sources */ = {isa = PBXBuildFile; fileRef = C8633AE41B0A9FF300375D60 /* KVOObservableTests.swift */; };
		D203C4EF1BB9C22800D02D00 /* RxCocoaTests.swift in Sources */ = {isa = PBXBuildFile; fileRef = C8B5BEA01B4A6A82000D732C /* RxCocoaTests.swift */; };
		D203C4F01BB9C22800D02D00 /* NSObject+RxTests.swift in Sources */ = {isa = PBXBuildFile; fileRef = C81CC92A1B513FD400915606 /* NSObject+RxTests.swift */; };
		D203C5141BB9C54A00D02D00 /* Control+RxTests+UIKit.swift in Sources */ = {isa = PBXBuildFile; fileRef = 5E5D10BA1B48355200432B25 /* Control+RxTests+UIKit.swift */; };
		D251ED291BB9BF90002D0E36 /* RxCocoa.framework in Frameworks */ = {isa = PBXBuildFile; fileRef = C8A468CC1B8A897800BF917B /* RxCocoa.framework */; };
		D2AF91971BD2EBB900A008C1 /* MockDisposable.swift in Sources */ = {isa = PBXBuildFile; fileRef = D2AF91961BD2EBB900A008C1 /* MockDisposable.swift */; };
		D2AF91991BD3D9C600A008C1 /* MockDisposable.swift in Sources */ = {isa = PBXBuildFile; fileRef = D2AF91961BD2EBB900A008C1 /* MockDisposable.swift */; };
		D2AF919A1BD3D9C700A008C1 /* MockDisposable.swift in Sources */ = {isa = PBXBuildFile; fileRef = D2AF91961BD2EBB900A008C1 /* MockDisposable.swift */; };
		D2EBEB521BB9B7CC003A27DC /* ColdObservable.swift in Sources */ = {isa = PBXBuildFile; fileRef = C81108301AF50E2A001C13E4 /* ColdObservable.swift */; };
		D2EBEB531BB9B7CC003A27DC /* TestConnectableObservable.swift in Sources */ = {isa = PBXBuildFile; fileRef = C81108311AF50E2A001C13E4 /* TestConnectableObservable.swift */; };
		D2EBEB541BB9B7CC003A27DC /* HotObservable.swift in Sources */ = {isa = PBXBuildFile; fileRef = C81108321AF50E2A001C13E4 /* HotObservable.swift */; };
		D2EBEB551BB9B7CC003A27DC /* MockObserver.swift in Sources */ = {isa = PBXBuildFile; fileRef = C81108331AF50E2A001C13E4 /* MockObserver.swift */; };
		D2EBEB561BB9B7CC003A27DC /* MySubject.swift in Sources */ = {isa = PBXBuildFile; fileRef = C81108341AF50E2A001C13E4 /* MySubject.swift */; };
		D2EBEB571BB9B7CC003A27DC /* Observable.Extensions.swift in Sources */ = {isa = PBXBuildFile; fileRef = C81108351AF50E2A001C13E4 /* Observable.Extensions.swift */; };
		D2EBEB581BB9B7CC003A27DC /* TestObservable.swift in Sources */ = {isa = PBXBuildFile; fileRef = C81108361AF50E2A001C13E4 /* TestObservable.swift */; };
		D2EBEB591BB9B7CC003A27DC /* TestObserver.swift in Sources */ = {isa = PBXBuildFile; fileRef = C81108371AF50E2A001C13E4 /* TestObserver.swift */; };
		D2EBEB5A1BB9B7CC003A27DC /* PrimitiveHotObservable.swift in Sources */ = {isa = PBXBuildFile; fileRef = C8E381271B207D03008CDC33 /* PrimitiveHotObservable.swift */; };
		D2EBEB5B1BB9B7CC003A27DC /* PrimitiveMockObserver.swift in Sources */ = {isa = PBXBuildFile; fileRef = C8E3812A1B2083C2008CDC33 /* PrimitiveMockObserver.swift */; };
		D2EBEB5C1BB9B7D0003A27DC /* Recorded.swift in Sources */ = {isa = PBXBuildFile; fileRef = C81108381AF50E2A001C13E4 /* Recorded.swift */; };
		D2EBEB5D1BB9B7D6003A27DC /* TestScheduler.swift in Sources */ = {isa = PBXBuildFile; fileRef = C811083B1AF50E2A001C13E4 /* TestScheduler.swift */; };
		D2EBEB5E1BB9B7D8003A27DC /* VirtualTimeSchedulerBase.swift in Sources */ = {isa = PBXBuildFile; fileRef = C811083C1AF50E2A001C13E4 /* VirtualTimeSchedulerBase.swift */; };
		D2EBEB5F1BB9B7DB003A27DC /* Subscription.swift in Sources */ = {isa = PBXBuildFile; fileRef = C811083D1AF50E2A001C13E4 /* Subscription.swift */; };
		D2EBEB611BB9B7E2003A27DC /* Observable+Extensions.swift in Sources */ = {isa = PBXBuildFile; fileRef = C8E381221B2063CC008CDC33 /* Observable+Extensions.swift */; };
		D2EBEB621BB9B7E5003A27DC /* ElementIndexPair.swift in Sources */ = {isa = PBXBuildFile; fileRef = C8FDC5F71B2B5B7E0065F8D9 /* ElementIndexPair.swift */; };
		D2EBEB631BB9B7EA003A27DC /* AnonymousObservable+Test.swift in Sources */ = {isa = PBXBuildFile; fileRef = C8B605EB1B6260A10044410E /* AnonymousObservable+Test.swift */; };
		D2EBEB641BB9B7EF003A27DC /* AssumptionsTest.swift in Sources */ = {isa = PBXBuildFile; fileRef = C81108401AF50E2A001C13E4 /* AssumptionsTest.swift */; };
		D2EBEB651BB9B7EF003A27DC /* BagTest.swift in Sources */ = {isa = PBXBuildFile; fileRef = C84B8FC11B89D0D500C9CCCF /* BagTest.swift */; };
		D2EBEB661BB9B7EF003A27DC /* BehaviorSubjectTest.swift in Sources */ = {isa = PBXBuildFile; fileRef = C897EC3A1B10E000009C2CB0 /* BehaviorSubjectTest.swift */; };
		D2EBEB671BB9B7EF003A27DC /* CompositeObserverTest.swift in Sources */ = {isa = PBXBuildFile; fileRef = C85F4E421B7F70EA00A866C7 /* CompositeObserverTest.swift */; };
		D2EBEB681BB9B7EF003A27DC /* ConcurrencyTest.swift in Sources */ = {isa = PBXBuildFile; fileRef = C81108411AF50E2A001C13E4 /* ConcurrencyTest.swift */; };
		D2EBEB691BB9B7EF003A27DC /* DelegateProxyTest.swift in Sources */ = {isa = PBXBuildFile; fileRef = C8AF26EE1B499E5C00131C03 /* DelegateProxyTest.swift */; };
		D2EBEB6A1BB9B7EF003A27DC /* DisposableTest.swift in Sources */ = {isa = PBXBuildFile; fileRef = C81108421AF50E2A001C13E4 /* DisposableTest.swift */; };
		D2EBEB6B1BB9B7EF003A27DC /* Observable+AggregateTest.swift in Sources */ = {isa = PBXBuildFile; fileRef = C81108431AF50E2A001C13E4 /* Observable+AggregateTest.swift */; };
		D2EBEB6C1BB9B7EF003A27DC /* Observable+BindingTest.swift in Sources */ = {isa = PBXBuildFile; fileRef = C81108441AF50E2A001C13E4 /* Observable+BindingTest.swift */; };
		D2EBEB6D1BB9B7EF003A27DC /* Observable+BlockingTest.swift in Sources */ = {isa = PBXBuildFile; fileRef = C8CDD7D31B52BEC40043F0C5 /* Observable+BlockingTest.swift */; };
		D2EBEB6E1BB9B7EF003A27DC /* Observable+ConcurrencyTest.swift in Sources */ = {isa = PBXBuildFile; fileRef = C8B787F91AF55CDE00206D02 /* Observable+ConcurrencyTest.swift */; };
		D2EBEB6F1BB9B7EF003A27DC /* Observable+CreationTest.swift in Sources */ = {isa = PBXBuildFile; fileRef = C801EB591B97951100C4D8C4 /* Observable+CreationTest.swift */; };
		D2EBEB701BB9B7EF003A27DC /* Observable+MultipleTest.swift in Sources */ = {isa = PBXBuildFile; fileRef = C81108471AF50E2A001C13E4 /* Observable+MultipleTest.swift */; };
		D2EBEB711BB9B7EF003A27DC /* Observable+MultipleTest+CombineLatest.swift in Sources */ = {isa = PBXBuildFile; fileRef = C81108451AF50E2A001C13E4 /* Observable+MultipleTest+CombineLatest.swift */; };
		D2EBEB721BB9B7F6003A27DC /* Observable+MultipleTest+Zip.swift in Sources */ = {isa = PBXBuildFile; fileRef = C897EC491B1123DA009C2CB0 /* Observable+MultipleTest+Zip.swift */; };
		D2EBEB731BB9B7F9003A27DC /* Observable+SingleTest.swift in Sources */ = {isa = PBXBuildFile; fileRef = C81108481AF50E2A001C13E4 /* Observable+SingleTest.swift */; };
		D2EBEB741BB9B7F9003A27DC /* Observable+StandardSequenceOperatorsTest.swift in Sources */ = {isa = PBXBuildFile; fileRef = C81108491AF50E2A001C13E4 /* Observable+StandardSequenceOperatorsTest.swift */; };
		D2EBEB751BB9B7F9003A27DC /* Observable+TimeTest.swift in Sources */ = {isa = PBXBuildFile; fileRef = C811084A1AF50E2A001C13E4 /* Observable+TimeTest.swift */; };
		D2EBEB761BB9B7F9003A27DC /* QueueTests.swift in Sources */ = {isa = PBXBuildFile; fileRef = C811084B1AF50E2A001C13E4 /* QueueTests.swift */; };
		D2EBEB771BB9B7F9003A27DC /* VariableTest.swift in Sources */ = {isa = PBXBuildFile; fileRef = C814CEA21AF5622600E98087 /* VariableTest.swift */; };
		D2EBEB781BB9B7F9003A27DC /* ObserverTests.swift in Sources */ = {isa = PBXBuildFile; fileRef = C69B64FF1BA88FAC00A7FA73 /* ObserverTests.swift */; };
		D2EBEB791BB9B7FD003A27DC /* RxTest.swift in Sources */ = {isa = PBXBuildFile; fileRef = C811084C1AF50E2A001C13E4 /* RxTest.swift */; };
		D2EBEB7A1BB9B804003A27DC /* PerformanceTools.swift in Sources */ = {isa = PBXBuildFile; fileRef = C868D0F81BB76A29003D1474 /* PerformanceTools.swift */; };
		D2EBEB7B1BB9B96A003A27DC /* RxSwift.framework in Frameworks */ = {isa = PBXBuildFile; fileRef = C836EA001B8A76A900AB941D /* RxSwift.framework */; };
		D2EBEB8D1BB9BABB003A27DC /* RxBlocking.framework in Frameworks */ = {isa = PBXBuildFile; fileRef = C8A468CE1B8A897D00BF917B /* RxBlocking.framework */; };
/* End PBXBuildFile section */

/* Begin PBXFileReference section */
		5E5D10BA1B48355200432B25 /* Control+RxTests+UIKit.swift */ = {isa = PBXFileReference; fileEncoding = 4; lastKnownFileType = sourcecode.swift; path = "Control+RxTests+UIKit.swift"; sourceTree = "<group>"; };
		C69B64FF1BA88FAC00A7FA73 /* ObserverTests.swift */ = {isa = PBXFileReference; fileEncoding = 4; lastKnownFileType = sourcecode.swift; path = ObserverTests.swift; sourceTree = "<group>"; };
		C801EB591B97951100C4D8C4 /* Observable+CreationTest.swift */ = {isa = PBXFileReference; fileEncoding = 4; lastKnownFileType = sourcecode.swift; path = "Observable+CreationTest.swift"; sourceTree = "<group>"; };
		C80DDEDB1BCE9A03006A1832 /* Driver+Test.swift */ = {isa = PBXFileReference; fileEncoding = 4; lastKnownFileType = sourcecode.swift; path = "Driver+Test.swift"; sourceTree = "<group>"; };
		C80DDEDF1BCEE898006A1832 /* MainThreadPrimitiveHotObservable.swift */ = {isa = PBXFileReference; fileEncoding = 4; lastKnownFileType = sourcecode.swift; path = MainThreadPrimitiveHotObservable.swift; sourceTree = "<group>"; };
		C81108201AF50E11001C13E4 /* RxTests.xctest */ = {isa = PBXFileReference; explicitFileType = wrapper.cfbundle; includeInIndex = 0; path = RxTests.xctest; sourceTree = BUILT_PRODUCTS_DIR; };
		C81108241AF50E11001C13E4 /* Info.plist */ = {isa = PBXFileReference; lastKnownFileType = text.plist.xml; path = Info.plist; sourceTree = "<group>"; };
		C811082B1AF50E2A001C13E4 /* NSNotificationCenterTests.swift */ = {isa = PBXFileReference; fileEncoding = 4; lastKnownFileType = sourcecode.swift; path = NSNotificationCenterTests.swift; sourceTree = "<group>"; };
		C81108301AF50E2A001C13E4 /* ColdObservable.swift */ = {isa = PBXFileReference; fileEncoding = 4; lastKnownFileType = sourcecode.swift; path = ColdObservable.swift; sourceTree = "<group>"; };
		C81108311AF50E2A001C13E4 /* TestConnectableObservable.swift */ = {isa = PBXFileReference; fileEncoding = 4; lastKnownFileType = sourcecode.swift; path = TestConnectableObservable.swift; sourceTree = "<group>"; };
		C81108321AF50E2A001C13E4 /* HotObservable.swift */ = {isa = PBXFileReference; fileEncoding = 4; lastKnownFileType = sourcecode.swift; path = HotObservable.swift; sourceTree = "<group>"; };
		C81108331AF50E2A001C13E4 /* MockObserver.swift */ = {isa = PBXFileReference; fileEncoding = 4; lastKnownFileType = sourcecode.swift; path = MockObserver.swift; sourceTree = "<group>"; };
		C81108341AF50E2A001C13E4 /* MySubject.swift */ = {isa = PBXFileReference; fileEncoding = 4; lastKnownFileType = sourcecode.swift; path = MySubject.swift; sourceTree = "<group>"; };
		C81108351AF50E2A001C13E4 /* Observable.Extensions.swift */ = {isa = PBXFileReference; fileEncoding = 4; lastKnownFileType = sourcecode.swift; path = Observable.Extensions.swift; sourceTree = "<group>"; };
		C81108361AF50E2A001C13E4 /* TestObservable.swift */ = {isa = PBXFileReference; fileEncoding = 4; lastKnownFileType = sourcecode.swift; path = TestObservable.swift; sourceTree = "<group>"; };
		C81108371AF50E2A001C13E4 /* TestObserver.swift */ = {isa = PBXFileReference; fileEncoding = 4; lastKnownFileType = sourcecode.swift; path = TestObserver.swift; sourceTree = "<group>"; };
		C81108381AF50E2A001C13E4 /* Recorded.swift */ = {isa = PBXFileReference; fileEncoding = 4; lastKnownFileType = sourcecode.swift; path = Recorded.swift; sourceTree = "<group>"; };
		C811083B1AF50E2A001C13E4 /* TestScheduler.swift */ = {isa = PBXFileReference; fileEncoding = 4; lastKnownFileType = sourcecode.swift; path = TestScheduler.swift; sourceTree = "<group>"; };
		C811083C1AF50E2A001C13E4 /* VirtualTimeSchedulerBase.swift */ = {isa = PBXFileReference; fileEncoding = 4; lastKnownFileType = sourcecode.swift; path = VirtualTimeSchedulerBase.swift; sourceTree = "<group>"; };
		C811083D1AF50E2A001C13E4 /* Subscription.swift */ = {isa = PBXFileReference; fileEncoding = 4; lastKnownFileType = sourcecode.swift; path = Subscription.swift; sourceTree = "<group>"; };
		C81108401AF50E2A001C13E4 /* AssumptionsTest.swift */ = {isa = PBXFileReference; fileEncoding = 4; lastKnownFileType = sourcecode.swift; path = AssumptionsTest.swift; sourceTree = "<group>"; };
		C81108411AF50E2A001C13E4 /* ConcurrencyTest.swift */ = {isa = PBXFileReference; fileEncoding = 4; lastKnownFileType = sourcecode.swift; path = ConcurrencyTest.swift; sourceTree = "<group>"; };
		C81108421AF50E2A001C13E4 /* DisposableTest.swift */ = {isa = PBXFileReference; fileEncoding = 4; lastKnownFileType = sourcecode.swift; path = DisposableTest.swift; sourceTree = "<group>"; };
		C81108431AF50E2A001C13E4 /* Observable+AggregateTest.swift */ = {isa = PBXFileReference; fileEncoding = 4; lastKnownFileType = sourcecode.swift; path = "Observable+AggregateTest.swift"; sourceTree = "<group>"; };
		C81108441AF50E2A001C13E4 /* Observable+BindingTest.swift */ = {isa = PBXFileReference; fileEncoding = 4; lastKnownFileType = sourcecode.swift; lineEnding = 0; path = "Observable+BindingTest.swift"; sourceTree = "<group>"; xcLanguageSpecificationIdentifier = xcode.lang.swift; };
		C81108451AF50E2A001C13E4 /* Observable+MultipleTest+CombineLatest.swift */ = {isa = PBXFileReference; fileEncoding = 4; lastKnownFileType = sourcecode.swift; path = "Observable+MultipleTest+CombineLatest.swift"; sourceTree = "<group>"; };
		C81108461AF50E2A001C13E4 /* Observable+MultipleTest+CombineLatest.tt */ = {isa = PBXFileReference; fileEncoding = 4; lastKnownFileType = text; path = "Observable+MultipleTest+CombineLatest.tt"; sourceTree = "<group>"; };
		C81108471AF50E2A001C13E4 /* Observable+MultipleTest.swift */ = {isa = PBXFileReference; fileEncoding = 4; lastKnownFileType = sourcecode.swift; lineEnding = 0; path = "Observable+MultipleTest.swift"; sourceTree = "<group>"; xcLanguageSpecificationIdentifier = xcode.lang.swift; };
		C81108481AF50E2A001C13E4 /* Observable+SingleTest.swift */ = {isa = PBXFileReference; fileEncoding = 4; lastKnownFileType = sourcecode.swift; path = "Observable+SingleTest.swift"; sourceTree = "<group>"; };
		C81108491AF50E2A001C13E4 /* Observable+StandardSequenceOperatorsTest.swift */ = {isa = PBXFileReference; fileEncoding = 4; lastKnownFileType = sourcecode.swift; path = "Observable+StandardSequenceOperatorsTest.swift"; sourceTree = "<group>"; };
		C811084A1AF50E2A001C13E4 /* Observable+TimeTest.swift */ = {isa = PBXFileReference; fileEncoding = 4; lastKnownFileType = sourcecode.swift; path = "Observable+TimeTest.swift"; sourceTree = "<group>"; };
		C811084B1AF50E2A001C13E4 /* QueueTests.swift */ = {isa = PBXFileReference; fileEncoding = 4; lastKnownFileType = sourcecode.swift; path = QueueTests.swift; sourceTree = "<group>"; };
		C811084C1AF50E2A001C13E4 /* RxTest.swift */ = {isa = PBXFileReference; fileEncoding = 4; lastKnownFileType = sourcecode.swift; path = RxTest.swift; sourceTree = SOURCE_ROOT; };
		C814CEA21AF5622600E98087 /* VariableTest.swift */ = {isa = PBXFileReference; fileEncoding = 4; lastKnownFileType = sourcecode.swift; path = VariableTest.swift; sourceTree = "<group>"; };
		C814CEA61AF642D600E98087 /* UI+RxTests.swift */ = {isa = PBXFileReference; fileEncoding = 4; lastKnownFileType = sourcecode.swift; path = "UI+RxTests.swift"; sourceTree = "<group>"; };
		C81CC92A1B513FD400915606 /* NSObject+RxTests.swift */ = {isa = PBXFileReference; fileEncoding = 4; lastKnownFileType = sourcecode.swift; path = "NSObject+RxTests.swift"; sourceTree = "<group>"; };
		C836EA001B8A76A900AB941D /* RxSwift.framework */ = {isa = PBXFileReference; lastKnownFileType = wrapper.framework; path = RxSwift.framework; sourceTree = BUILT_PRODUCTS_DIR; };
		C84B8FC11B89D0D500C9CCCF /* BagTest.swift */ = {isa = PBXFileReference; fileEncoding = 4; lastKnownFileType = sourcecode.swift; path = BagTest.swift; sourceTree = "<group>"; };
		C84CC4E71BDAD9FF00E06A64 /* RxBlocking.framework */ = {isa = PBXFileReference; lastKnownFileType = wrapper.framework; name = RxBlocking.framework; path = ../build/Debug/RxBlocking.framework; sourceTree = "<group>"; };
		C84CC4EA1BDAEDF700E06A64 /* RxCocoa.framework */ = {isa = PBXFileReference; lastKnownFileType = wrapper.framework; name = RxCocoa.framework; path = ../build/Debug/RxCocoa.framework; sourceTree = "<group>"; };
		C85F4E421B7F70EA00A866C7 /* CompositeObserverTest.swift */ = {isa = PBXFileReference; fileEncoding = 4; lastKnownFileType = sourcecode.swift; path = CompositeObserverTest.swift; sourceTree = "<group>"; };
		C8633AE41B0A9FF300375D60 /* KVOObservableTests.swift */ = {isa = PBXFileReference; fileEncoding = 4; lastKnownFileType = sourcecode.swift; path = KVOObservableTests.swift; sourceTree = "<group>"; };
		C868D0F81BB76A29003D1474 /* PerformanceTools.swift */ = {isa = PBXFileReference; fileEncoding = 4; lastKnownFileType = sourcecode.swift; path = PerformanceTools.swift; sourceTree = "<group>"; };
		C868D1091BB950D3003D1474 /* PerformanceTests.app */ = {isa = PBXFileReference; explicitFileType = wrapper.application; includeInIndex = 0; path = PerformanceTests.app; sourceTree = BUILT_PRODUCTS_DIR; };
		C868D10B1BB950D4003D1474 /* main.swift */ = {isa = PBXFileReference; lastKnownFileType = sourcecode.swift; path = main.swift; sourceTree = "<group>"; };
		C868D1121BB950D4003D1474 /* Info.plist */ = {isa = PBXFileReference; lastKnownFileType = text.plist.xml; path = Info.plist; sourceTree = "<group>"; };
		C88BB8B71B07E64B0064D411 /* RxTests.xctest */ = {isa = PBXFileReference; explicitFileType = wrapper.cfbundle; includeInIndex = 0; path = RxTests.xctest; sourceTree = BUILT_PRODUCTS_DIR; };
		C8941BD81BD4F58C00A0E874 /* BackgroundThreadPrimitiveHotObservable.swift */ = {isa = PBXFileReference; fileEncoding = 4; lastKnownFileType = sourcecode.swift; path = BackgroundThreadPrimitiveHotObservable.swift; sourceTree = "<group>"; };
		C897EC3A1B10E000009C2CB0 /* BehaviorSubjectTest.swift */ = {isa = PBXFileReference; fileEncoding = 4; lastKnownFileType = sourcecode.swift; path = BehaviorSubjectTest.swift; sourceTree = "<group>"; };
		C897EC461B112070009C2CB0 /* Observable+MultipleTest+Zip.tt */ = {isa = PBXFileReference; fileEncoding = 4; lastKnownFileType = text; path = "Observable+MultipleTest+Zip.tt"; sourceTree = "<group>"; };
		C897EC491B1123DA009C2CB0 /* Observable+MultipleTest+Zip.swift */ = {isa = PBXFileReference; fileEncoding = 4; lastKnownFileType = sourcecode.swift; path = "Observable+MultipleTest+Zip.swift"; sourceTree = "<group>"; };
		C89CDB951BCDA1F1002063D9 /* Observable+SubscriptionTest.swift */ = {isa = PBXFileReference; fileEncoding = 4; lastKnownFileType = sourcecode.swift; path = "Observable+SubscriptionTest.swift"; sourceTree = "<group>"; };
		C8A468CC1B8A897800BF917B /* RxCocoa.framework */ = {isa = PBXFileReference; lastKnownFileType = wrapper.framework; path = RxCocoa.framework; sourceTree = BUILT_PRODUCTS_DIR; };
		C8A468CE1B8A897D00BF917B /* RxBlocking.framework */ = {isa = PBXFileReference; lastKnownFileType = wrapper.framework; path = RxBlocking.framework; sourceTree = BUILT_PRODUCTS_DIR; };
		C8AF26EE1B499E5C00131C03 /* DelegateProxyTest.swift */ = {isa = PBXFileReference; fileEncoding = 4; lastKnownFileType = sourcecode.swift; path = DelegateProxyTest.swift; sourceTree = "<group>"; };
		C8B5BEA01B4A6A82000D732C /* RxCocoaTests.swift */ = {isa = PBXFileReference; fileEncoding = 4; lastKnownFileType = sourcecode.swift; path = RxCocoaTests.swift; sourceTree = "<group>"; };
		C8B605EB1B6260A10044410E /* AnonymousObservable+Test.swift */ = {isa = PBXFileReference; fileEncoding = 4; lastKnownFileType = sourcecode.swift; path = "AnonymousObservable+Test.swift"; sourceTree = "<group>"; };
		C8B787F91AF55CDE00206D02 /* Observable+ConcurrencyTest.swift */ = {isa = PBXFileReference; fileEncoding = 4; lastKnownFileType = sourcecode.swift; lineEnding = 0; path = "Observable+ConcurrencyTest.swift"; sourceTree = "<group>"; xcLanguageSpecificationIdentifier = xcode.lang.swift; };
		C8CDD7D31B52BEC40043F0C5 /* Observable+BlockingTest.swift */ = {isa = PBXFileReference; fileEncoding = 4; lastKnownFileType = sourcecode.swift; lineEnding = 0; path = "Observable+BlockingTest.swift"; sourceTree = "<group>"; xcLanguageSpecificationIdentifier = xcode.lang.swift; };
		C8E381221B2063CC008CDC33 /* Observable+Extensions.swift */ = {isa = PBXFileReference; fileEncoding = 4; lastKnownFileType = sourcecode.swift; path = "Observable+Extensions.swift"; sourceTree = "<group>"; };
		C8E381271B207D03008CDC33 /* PrimitiveHotObservable.swift */ = {isa = PBXFileReference; fileEncoding = 4; lastKnownFileType = sourcecode.swift; path = PrimitiveHotObservable.swift; sourceTree = "<group>"; };
		C8E3812A1B2083C2008CDC33 /* PrimitiveMockObserver.swift */ = {isa = PBXFileReference; fileEncoding = 4; lastKnownFileType = sourcecode.swift; path = PrimitiveMockObserver.swift; sourceTree = "<group>"; };
		C8E9D2BC1BD422D80079D0DB /* Control+RxTests.swift */ = {isa = PBXFileReference; fileEncoding = 4; lastKnownFileType = sourcecode.swift; path = "Control+RxTests.swift"; sourceTree = "<group>"; };
		C8E9D2C01BD4525B0079D0DB /* Control+RxTests+Cocoa.swift */ = {isa = PBXFileReference; fileEncoding = 4; lastKnownFileType = sourcecode.swift; path = "Control+RxTests+Cocoa.swift"; sourceTree = "<group>"; };
		C8EA2D361BD02E1900FB22AC /* EquatableArray.swift */ = {isa = PBXFileReference; fileEncoding = 4; lastKnownFileType = sourcecode.swift; path = EquatableArray.swift; sourceTree = "<group>"; };
		C8F6A1401BEFE04F007DF367 /* SubjectConcurrencyTest.swift */ = {isa = PBXFileReference; fileEncoding = 4; lastKnownFileType = sourcecode.swift; path = SubjectConcurrencyTest.swift; sourceTree = "<group>"; };
		C8FDC5F71B2B5B7E0065F8D9 /* ElementIndexPair.swift */ = {isa = PBXFileReference; fileEncoding = 4; lastKnownFileType = sourcecode.swift; path = ElementIndexPair.swift; sourceTree = "<group>"; };
		D2AF91961BD2EBB900A008C1 /* MockDisposable.swift */ = {isa = PBXFileReference; fileEncoding = 4; lastKnownFileType = sourcecode.swift; path = MockDisposable.swift; sourceTree = "<group>"; };
		D2EBEB491BB9B7AE003A27DC /* RxTests.xctest */ = {isa = PBXFileReference; explicitFileType = wrapper.cfbundle; includeInIndex = 0; path = RxTests.xctest; sourceTree = BUILT_PRODUCTS_DIR; };
/* End PBXFileReference section */

/* Begin PBXFrameworksBuildPhase section */
		C811081D1AF50E11001C13E4 /* Frameworks */ = {
			isa = PBXFrameworksBuildPhase;
			buildActionMask = 2147483647;
			files = (
				C8A468D11B8A899C00BF917B /* RxCocoa.framework in Frameworks */,
				C836EA011B8A76A900AB941D /* RxSwift.framework in Frameworks */,
				C8A468D01B8A899C00BF917B /* RxBlocking.framework in Frameworks */,
			);
			runOnlyForDeploymentPostprocessing = 0;
		};
		C868D1061BB950D3003D1474 /* Frameworks */ = {
			isa = PBXFrameworksBuildPhase;
			buildActionMask = 2147483647;
			files = (
				C84CC4EB1BDAEDF700E06A64 /* RxCocoa.framework in Frameworks */,
				C84CC4E91BDADA0B00E06A64 /* RxSwift.framework in Frameworks */,
			);
			runOnlyForDeploymentPostprocessing = 0;
		};
		C88BB8AF1B07E64B0064D411 /* Frameworks */ = {
			isa = PBXFrameworksBuildPhase;
			buildActionMask = 2147483647;
			files = (
				C8A468CF1B8A897D00BF917B /* RxBlocking.framework in Frameworks */,
				C8A468CD1B8A897800BF917B /* RxCocoa.framework in Frameworks */,
				C836EA081B8A76CD00AB941D /* RxSwift.framework in Frameworks */,
			);
			runOnlyForDeploymentPostprocessing = 0;
		};
		D2EBEB461BB9B7AE003A27DC /* Frameworks */ = {
			isa = PBXFrameworksBuildPhase;
			buildActionMask = 2147483647;
			files = (
				D251ED291BB9BF90002D0E36 /* RxCocoa.framework in Frameworks */,
				D2EBEB8D1BB9BABB003A27DC /* RxBlocking.framework in Frameworks */,
				D2EBEB7B1BB9B96A003A27DC /* RxSwift.framework in Frameworks */,
			);
			runOnlyForDeploymentPostprocessing = 0;
		};
/* End PBXFrameworksBuildPhase section */

/* Begin PBXGroup section */
		C81108151AF50DDA001C13E4 = {
			isa = PBXGroup;
			children = (
				C84CC4EA1BDAEDF700E06A64 /* RxCocoa.framework */,
				C84CC4E71BDAD9FF00E06A64 /* RxBlocking.framework */,
				C8A468CE1B8A897D00BF917B /* RxBlocking.framework */,
				C8A468CC1B8A897800BF917B /* RxCocoa.framework */,
				C836EA001B8A76A900AB941D /* RxSwift.framework */,
				C81108221AF50E11001C13E4 /* Tests */,
				C868D10A1BB950D4003D1474 /* PerformanceTests */,
				C81108211AF50E11001C13E4 /* Products */,
			);
			sourceTree = "<group>";
		};
		C81108211AF50E11001C13E4 /* Products */ = {
			isa = PBXGroup;
			children = (
				C81108201AF50E11001C13E4 /* RxTests.xctest */,
				C88BB8B71B07E64B0064D411 /* RxTests.xctest */,
				C868D1091BB950D3003D1474 /* PerformanceTests.app */,
				D2EBEB491BB9B7AE003A27DC /* RxTests.xctest */,
			);
			name = Products;
			sourceTree = "<group>";
		};
		C81108221AF50E11001C13E4 /* Tests */ = {
			isa = PBXGroup;
			children = (
				C811082A1AF50E2A001C13E4 /* RxCocoaTests */,
				C811082D1AF50E2A001C13E4 /* RxSwiftTests */,
				C811084C1AF50E2A001C13E4 /* RxTest.swift */,
				C81108231AF50E11001C13E4 /* Supporting Files */,
				C868D0F81BB76A29003D1474 /* PerformanceTools.swift */,
			);
			path = Tests;
			sourceTree = "<group>";
		};
		C81108231AF50E11001C13E4 /* Supporting Files */ = {
			isa = PBXGroup;
			children = (
				C81108241AF50E11001C13E4 /* Info.plist */,
			);
			name = "Supporting Files";
			sourceTree = "<group>";
		};
		C811082A1AF50E2A001C13E4 /* RxCocoaTests */ = {
			isa = PBXGroup;
			children = (
				C8E9D2BC1BD422D80079D0DB /* Control+RxTests.swift */,
				5E5D10BA1B48355200432B25 /* Control+RxTests+UIKit.swift */,
				C8E9D2C01BD4525B0079D0DB /* Control+RxTests+Cocoa.swift */,
				C8633AE41B0A9FF300375D60 /* KVOObservableTests.swift */,
				C811082B1AF50E2A001C13E4 /* NSNotificationCenterTests.swift */,
				C81CC92A1B513FD400915606 /* NSObject+RxTests.swift */,
				C8B5BEA01B4A6A82000D732C /* RxCocoaTests.swift */,
				C814CEA61AF642D600E98087 /* UI+RxTests.swift */,
			);
			path = RxCocoaTests;
			sourceTree = SOURCE_ROOT;
		};
		C811082D1AF50E2A001C13E4 /* RxSwiftTests */ = {
			isa = PBXGroup;
			children = (
				C811082E1AF50E2A001C13E4 /* TestImplementations */,
				C811083F1AF50E2A001C13E4 /* Tests */,
			);
			path = RxSwiftTests;
			sourceTree = SOURCE_ROOT;
		};
		C811082E1AF50E2A001C13E4 /* TestImplementations */ = {
			isa = PBXGroup;
			children = (
				C811082F1AF50E2A001C13E4 /* Mocks */,
				C81108381AF50E2A001C13E4 /* Recorded.swift */,
				C811083A1AF50E2A001C13E4 /* Schedulers */,
				C811083D1AF50E2A001C13E4 /* Subscription.swift */,
				C8E381221B2063CC008CDC33 /* Observable+Extensions.swift */,
				C8FDC5F71B2B5B7E0065F8D9 /* ElementIndexPair.swift */,
				C8EA2D361BD02E1900FB22AC /* EquatableArray.swift */,
			);
			path = TestImplementations;
			sourceTree = "<group>";
		};
		C811082F1AF50E2A001C13E4 /* Mocks */ = {
			isa = PBXGroup;
			children = (
				C81108301AF50E2A001C13E4 /* ColdObservable.swift */,
				C81108311AF50E2A001C13E4 /* TestConnectableObservable.swift */,
				C81108321AF50E2A001C13E4 /* HotObservable.swift */,
				C81108331AF50E2A001C13E4 /* MockObserver.swift */,
				C81108341AF50E2A001C13E4 /* MySubject.swift */,
				C81108351AF50E2A001C13E4 /* Observable.Extensions.swift */,
				C81108361AF50E2A001C13E4 /* TestObservable.swift */,
				C81108371AF50E2A001C13E4 /* TestObserver.swift */,
				C8E381271B207D03008CDC33 /* PrimitiveHotObservable.swift */,
				C8E3812A1B2083C2008CDC33 /* PrimitiveMockObserver.swift */,
				C80DDEDF1BCEE898006A1832 /* MainThreadPrimitiveHotObservable.swift */,
				D2AF91961BD2EBB900A008C1 /* MockDisposable.swift */,
				C8941BD81BD4F58C00A0E874 /* BackgroundThreadPrimitiveHotObservable.swift */,
			);
			path = Mocks;
			sourceTree = "<group>";
		};
		C811083A1AF50E2A001C13E4 /* Schedulers */ = {
			isa = PBXGroup;
			children = (
				C811083B1AF50E2A001C13E4 /* TestScheduler.swift */,
				C811083C1AF50E2A001C13E4 /* VirtualTimeSchedulerBase.swift */,
			);
			path = Schedulers;
			sourceTree = "<group>";
		};
		C811083F1AF50E2A001C13E4 /* Tests */ = {
			isa = PBXGroup;
			children = (
				C8B605EB1B6260A10044410E /* AnonymousObservable+Test.swift */,
				C81108401AF50E2A001C13E4 /* AssumptionsTest.swift */,
				C84B8FC11B89D0D500C9CCCF /* BagTest.swift */,
				C897EC3A1B10E000009C2CB0 /* BehaviorSubjectTest.swift */,
				C85F4E421B7F70EA00A866C7 /* CompositeObserverTest.swift */,
				C81108411AF50E2A001C13E4 /* ConcurrencyTest.swift */,
				C8AF26EE1B499E5C00131C03 /* DelegateProxyTest.swift */,
				C81108421AF50E2A001C13E4 /* DisposableTest.swift */,
				C81108431AF50E2A001C13E4 /* Observable+AggregateTest.swift */,
				C81108441AF50E2A001C13E4 /* Observable+BindingTest.swift */,
				C8CDD7D31B52BEC40043F0C5 /* Observable+BlockingTest.swift */,
				C8B787F91AF55CDE00206D02 /* Observable+ConcurrencyTest.swift */,
				C801EB591B97951100C4D8C4 /* Observable+CreationTest.swift */,
				C81108471AF50E2A001C13E4 /* Observable+MultipleTest.swift */,
				C81108451AF50E2A001C13E4 /* Observable+MultipleTest+CombineLatest.swift */,
				C81108461AF50E2A001C13E4 /* Observable+MultipleTest+CombineLatest.tt */,
				C897EC491B1123DA009C2CB0 /* Observable+MultipleTest+Zip.swift */,
				C897EC461B112070009C2CB0 /* Observable+MultipleTest+Zip.tt */,
				C81108481AF50E2A001C13E4 /* Observable+SingleTest.swift */,
				C81108491AF50E2A001C13E4 /* Observable+StandardSequenceOperatorsTest.swift */,
				C811084A1AF50E2A001C13E4 /* Observable+TimeTest.swift */,
				C811084B1AF50E2A001C13E4 /* QueueTests.swift */,
				C814CEA21AF5622600E98087 /* VariableTest.swift */,
				C69B64FF1BA88FAC00A7FA73 /* ObserverTests.swift */,
				C89CDB951BCDA1F1002063D9 /* Observable+SubscriptionTest.swift */,
				C80DDEDB1BCE9A03006A1832 /* Driver+Test.swift */,
				C8F6A1401BEFE04F007DF367 /* SubjectConcurrencyTest.swift */,
			);
			path = Tests;
			sourceTree = "<group>";
		};
		C868D10A1BB950D4003D1474 /* PerformanceTests */ = {
			isa = PBXGroup;
			children = (
				C868D10B1BB950D4003D1474 /* main.swift */,
				C868D1121BB950D4003D1474 /* Info.plist */,
			);
			path = PerformanceTests;
			sourceTree = "<group>";
		};
/* End PBXGroup section */

/* Begin PBXNativeTarget section */
		C811081F1AF50E11001C13E4 /* RxTests-iOS */ = {
			isa = PBXNativeTarget;
			buildConfigurationList = C81108291AF50E11001C13E4 /* Build configuration list for PBXNativeTarget "RxTests-iOS" */;
			buildPhases = (
				C811081C1AF50E11001C13E4 /* Sources */,
				C811081D1AF50E11001C13E4 /* Frameworks */,
				C811081E1AF50E11001C13E4 /* Resources */,
			);
			buildRules = (
			);
			dependencies = (
			);
			name = "RxTests-iOS";
			productName = Tests;
			productReference = C81108201AF50E11001C13E4 /* RxTests.xctest */;
			productType = "com.apple.product-type.bundle.unit-test";
		};
		C868D1081BB950D3003D1474 /* PerformanceTests */ = {
			isa = PBXNativeTarget;
			buildConfigurationList = C868D1131BB950D4003D1474 /* Build configuration list for PBXNativeTarget "PerformanceTests" */;
			buildPhases = (
				C868D1051BB950D3003D1474 /* Sources */,
				C868D1061BB950D3003D1474 /* Frameworks */,
				C868D1071BB950D3003D1474 /* Resources */,
			);
			buildRules = (
			);
			dependencies = (
			);
			name = PerformanceTests;
			productName = PerformanceTests;
			productReference = C868D1091BB950D3003D1474 /* PerformanceTests.app */;
			productType = "com.apple.product-type.application";
		};
		C88BB88F1B07E64B0064D411 /* RxTests-OSX */ = {
			isa = PBXNativeTarget;
			buildConfigurationList = C88BB8B41B07E64B0064D411 /* Build configuration list for PBXNativeTarget "RxTests-OSX" */;
			buildPhases = (
				C88BB8901B07E64B0064D411 /* Sources */,
				C88BB8AF1B07E64B0064D411 /* Frameworks */,
				C88BB8B21B07E64B0064D411 /* Resources */,
			);
			buildRules = (
			);
			dependencies = (
			);
			name = "RxTests-OSX";
			productName = Tests;
			productReference = C88BB8B71B07E64B0064D411 /* RxTests.xctest */;
			productType = "com.apple.product-type.bundle.unit-test";
		};
		D2EBEB481BB9B7AE003A27DC /* RxTests-tvOS */ = {
			isa = PBXNativeTarget;
			buildConfigurationList = D2EBEB511BB9B7AE003A27DC /* Build configuration list for PBXNativeTarget "RxTests-tvOS" */;
			buildPhases = (
				D2EBEB451BB9B7AE003A27DC /* Sources */,
				D2EBEB461BB9B7AE003A27DC /* Frameworks */,
				D2EBEB471BB9B7AE003A27DC /* Resources */,
			);
			buildRules = (
			);
			dependencies = (
			);
			name = "RxTests-tvOS";
			productName = "RxTests-tvOS";
			productReference = D2EBEB491BB9B7AE003A27DC /* RxTests.xctest */;
			productType = "com.apple.product-type.bundle.unit-test";
		};
/* End PBXNativeTarget section */

/* Begin PBXProject section */
		C81108161AF50DDA001C13E4 /* Project object */ = {
			isa = PBXProject;
			attributes = {
				LastSwiftUpdateCheck = 0700;
				LastUpgradeCheck = 0700;
				TargetAttributes = {
					C811081F1AF50E11001C13E4 = {
						CreatedOnToolsVersion = 6.3;
					};
					C868D1081BB950D3003D1474 = {
						CreatedOnToolsVersion = 7.0;
					};
					D2EBEB481BB9B7AE003A27DC = {
						CreatedOnToolsVersion = 7.1;
					};
				};
			};
			buildConfigurationList = C81108191AF50DDA001C13E4 /* Build configuration list for PBXProject "RxTests" */;
			compatibilityVersion = "Xcode 3.2";
			developmentRegion = English;
			hasScannedForEncodings = 0;
			knownRegions = (
				en,
				Base,
			);
			mainGroup = C81108151AF50DDA001C13E4;
			productRefGroup = C81108211AF50E11001C13E4 /* Products */;
			projectDirPath = "";
			projectRoot = "";
			targets = (
				C811081F1AF50E11001C13E4 /* RxTests-iOS */,
				C88BB88F1B07E64B0064D411 /* RxTests-OSX */,
				D2EBEB481BB9B7AE003A27DC /* RxTests-tvOS */,
				C868D1081BB950D3003D1474 /* PerformanceTests */,
			);
		};
/* End PBXProject section */

/* Begin PBXResourcesBuildPhase section */
		C811081E1AF50E11001C13E4 /* Resources */ = {
			isa = PBXResourcesBuildPhase;
			buildActionMask = 2147483647;
			files = (
			);
			runOnlyForDeploymentPostprocessing = 0;
		};
		C868D1071BB950D3003D1474 /* Resources */ = {
			isa = PBXResourcesBuildPhase;
			buildActionMask = 2147483647;
			files = (
			);
			runOnlyForDeploymentPostprocessing = 0;
		};
		C88BB8B21B07E64B0064D411 /* Resources */ = {
			isa = PBXResourcesBuildPhase;
			buildActionMask = 2147483647;
			files = (
			);
			runOnlyForDeploymentPostprocessing = 0;
		};
		D2EBEB471BB9B7AE003A27DC /* Resources */ = {
			isa = PBXResourcesBuildPhase;
			buildActionMask = 2147483647;
			files = (
			);
			runOnlyForDeploymentPostprocessing = 0;
		};
/* End PBXResourcesBuildPhase section */

/* Begin PBXSourcesBuildPhase section */
		C811081C1AF50E11001C13E4 /* Sources */ = {
			isa = PBXSourcesBuildPhase;
			buildActionMask = 2147483647;
			files = (
				C8941BD91BD4F58C00A0E874 /* BackgroundThreadPrimitiveHotObservable.swift in Sources */,
				C8B787FA1AF55CDE00206D02 /* Observable+ConcurrencyTest.swift in Sources */,
				C81108691AF50E2A001C13E4 /* RxTest.swift in Sources */,
				C81108671AF50E2A001C13E4 /* Observable+TimeTest.swift in Sources */,
				C89CDB961BCDA1F1002063D9 /* Observable+SubscriptionTest.swift in Sources */,
				C868D0F91BB76A29003D1474 /* PerformanceTools.swift in Sources */,
				C81108551AF50E2A001C13E4 /* TestObservable.swift in Sources */,
				C8E3812B1B2083C2008CDC33 /* PrimitiveMockObserver.swift in Sources */,
				C811085B1AF50E2A001C13E4 /* Subscription.swift in Sources */,
				C80DDEDC1BCE9A03006A1832 /* Driver+Test.swift in Sources */,
				C81108531AF50E2A001C13E4 /* MySubject.swift in Sources */,
				C814CEA71AF642D600E98087 /* UI+RxTests.swift in Sources */,
				C81108611AF50E2A001C13E4 /* Observable+BindingTest.swift in Sources */,
				C69B65001BA88FAC00A7FA73 /* ObserverTests.swift in Sources */,
				C85F4E431B7F70EA00A866C7 /* CompositeObserverTest.swift in Sources */,
				C811084D1AF50E2A001C13E4 /* NSNotificationCenterTests.swift in Sources */,
				C81108621AF50E2A001C13E4 /* Observable+MultipleTest+CombineLatest.swift in Sources */,
				C811085E1AF50E2A001C13E4 /* ConcurrencyTest.swift in Sources */,
				C81108561AF50E2A001C13E4 /* TestObserver.swift in Sources */,
				C811085A1AF50E2A001C13E4 /* VirtualTimeSchedulerBase.swift in Sources */,
				C8CDD7D41B52BEC40043F0C5 /* Observable+BlockingTest.swift in Sources */,
				C81CC92B1B513FD400915606 /* NSObject+RxTests.swift in Sources */,
				C811085F1AF50E2A001C13E4 /* DisposableTest.swift in Sources */,
				C8AF26EF1B499E5C00131C03 /* DelegateProxyTest.swift in Sources */,
				C8E381281B207D03008CDC33 /* PrimitiveHotObservable.swift in Sources */,
				C81108661AF50E2A001C13E4 /* Observable+StandardSequenceOperatorsTest.swift in Sources */,
				C8F6A1411BEFE04F007DF367 /* SubjectConcurrencyTest.swift in Sources */,
				C80DDEE01BCEE898006A1832 /* MainThreadPrimitiveHotObservable.swift in Sources */,
				C81108641AF50E2A001C13E4 /* Observable+MultipleTest.swift in Sources */,
				C811084F1AF50E2A001C13E4 /* ColdObservable.swift in Sources */,
				C8FDC5F81B2B5B7E0065F8D9 /* ElementIndexPair.swift in Sources */,
				C8E381231B2063CC008CDC33 /* Observable+Extensions.swift in Sources */,
				C84B8FC21B89D0D500C9CCCF /* BagTest.swift in Sources */,
				C81108511AF50E2A001C13E4 /* HotObservable.swift in Sources */,
				C81108541AF50E2A001C13E4 /* Observable.Extensions.swift in Sources */,
				C8E9D2BD1BD422D80079D0DB /* Control+RxTests.swift in Sources */,
				C897EC3B1B10E000009C2CB0 /* BehaviorSubjectTest.swift in Sources */,
				C81108681AF50E2A001C13E4 /* QueueTests.swift in Sources */,
				C81108651AF50E2A001C13E4 /* Observable+SingleTest.swift in Sources */,
				5E5D10BB1B48355200432B25 /* Control+RxTests+UIKit.swift in Sources */,
				C897EC4A1B1123DA009C2CB0 /* Observable+MultipleTest+Zip.swift in Sources */,
				D2AF91971BD2EBB900A008C1 /* MockDisposable.swift in Sources */,
				C81108571AF50E2A001C13E4 /* Recorded.swift in Sources */,
				C801EB5A1B97951100C4D8C4 /* Observable+CreationTest.swift in Sources */,
				C81108591AF50E2A001C13E4 /* TestScheduler.swift in Sources */,
				C81108601AF50E2A001C13E4 /* Observable+AggregateTest.swift in Sources */,
				C81108521AF50E2A001C13E4 /* MockObserver.swift in Sources */,
				C8633AE51B0A9FF300375D60 /* KVOObservableTests.swift in Sources */,
				C8B605EC1B6260A10044410E /* AnonymousObservable+Test.swift in Sources */,
				C8EA2D371BD02E1900FB22AC /* EquatableArray.swift in Sources */,
				C811085D1AF50E2A001C13E4 /* AssumptionsTest.swift in Sources */,
				C81108501AF50E2A001C13E4 /* TestConnectableObservable.swift in Sources */,
				C814CEA31AF5622600E98087 /* VariableTest.swift in Sources */,
				C8B5BEA11B4A6A82000D732C /* RxCocoaTests.swift in Sources */,
			);
			runOnlyForDeploymentPostprocessing = 0;
		};
		C868D1051BB950D3003D1474 /* Sources */ = {
			isa = PBXSourcesBuildPhase;
			buildActionMask = 2147483647;
			files = (
				C868D1171BB9512B003D1474 /* PerformanceTools.swift in Sources */,
				C868D10C1BB950D4003D1474 /* main.swift in Sources */,
			);
			runOnlyForDeploymentPostprocessing = 0;
		};
		C88BB8901B07E64B0064D411 /* Sources */ = {
			isa = PBXSourcesBuildPhase;
			buildActionMask = 2147483647;
			files = (
				C88BB8911B07E64B0064D411 /* Observable+ConcurrencyTest.swift in Sources */,
				C88BB8941B07E64B0064D411 /* Observable+TimeTest.swift in Sources */,
				C88BB8951B07E64B0064D411 /* TestObservable.swift in Sources */,
				C8CDD7D51B52BEC40043F0C5 /* Observable+BlockingTest.swift in Sources */,
				C88BB8961B07E64B0064D411 /* Subscription.swift in Sources */,
				C8E381291B207D03008CDC33 /* PrimitiveHotObservable.swift in Sources */,
				C868D0FA1BB76A29003D1474 /* PerformanceTools.swift in Sources */,
				C88BB8971B07E64B0064D411 /* MySubject.swift in Sources */,
				C88BB8981B07E64B0064D411 /* UI+RxTests.swift in Sources */,
				C88BB8991B07E64B0064D411 /* Observable+BindingTest.swift in Sources */,
				C88BB89A1B07E64B0064D411 /* NSNotificationCenterTests.swift in Sources */,
				C88BB89B1B07E64B0064D411 /* Observable+MultipleTest+CombineLatest.swift in Sources */,
				C8941BDA1BD4F58C00A0E874 /* BackgroundThreadPrimitiveHotObservable.swift in Sources */,
				C88BB89C1B07E64B0064D411 /* ConcurrencyTest.swift in Sources */,
				C88BB89D1B07E64B0064D411 /* TestObserver.swift in Sources */,
				C88BB89E1B07E64B0064D411 /* VirtualTimeSchedulerBase.swift in Sources */,
				C80DDEDD1BCE9A03006A1832 /* Driver+Test.swift in Sources */,
				C88BB89F1B07E64B0064D411 /* DisposableTest.swift in Sources */,
				C88BB8A01B07E64B0064D411 /* Observable+StandardSequenceOperatorsTest.swift in Sources */,
				C8E9D2C41BD452650079D0DB /* Control+RxTests+Cocoa.swift in Sources */,
				C88BB8A11B07E64B0064D411 /* Observable+MultipleTest.swift in Sources */,
				C81CC92C1B513FD400915606 /* NSObject+RxTests.swift in Sources */,
				D2AF91991BD3D9C600A008C1 /* MockDisposable.swift in Sources */,
				C8B605ED1B6260A10044410E /* AnonymousObservable+Test.swift in Sources */,
				C801EB5B1B97951100C4D8C4 /* Observable+CreationTest.swift in Sources */,
				C88BB8A21B07E64B0064D411 /* ColdObservable.swift in Sources */,
				C85F4E441B7F70EA00A866C7 /* CompositeObserverTest.swift in Sources */,
				C89CDB971BCDA1F1002063D9 /* Observable+SubscriptionTest.swift in Sources */,
				C88BB8A31B07E64B0064D411 /* HotObservable.swift in Sources */,
				C8FDC5F91B2B5B7E0065F8D9 /* ElementIndexPair.swift in Sources */,
				C88BB8A41B07E64B0064D411 /* Observable.Extensions.swift in Sources */,
				C868D0F71BB75EAE003D1474 /* RxTest.swift in Sources */,
				C84B8FC31B89D0D500C9CCCF /* BagTest.swift in Sources */,
				C897EC3C1B10E000009C2CB0 /* BehaviorSubjectTest.swift in Sources */,
				C88BB8A51B07E64B0064D411 /* QueueTests.swift in Sources */,
				C8E3812C1B2083C2008CDC33 /* PrimitiveMockObserver.swift in Sources */,
				C88BB8A61B07E64B0064D411 /* Observable+SingleTest.swift in Sources */,
				C897EC4B1B1123DA009C2CB0 /* Observable+MultipleTest+Zip.swift in Sources */,
				C88BB8A71B07E64B0064D411 /* Recorded.swift in Sources */,
				C88BB8A81B07E64B0064D411 /* TestScheduler.swift in Sources */,
				C88BB8A91B07E64B0064D411 /* Observable+AggregateTest.swift in Sources */,
				C88BB8AA1B07E64B0064D411 /* MockObserver.swift in Sources */,
				C80DDEE11BCEE898006A1832 /* MainThreadPrimitiveHotObservable.swift in Sources */,
				C8E9D2BE1BD422D80079D0DB /* Control+RxTests.swift in Sources */,
				C8AF26F01B499E5C00131C03 /* DelegateProxyTest.swift in Sources */,
				C69B65011BA8957C00A7FA73 /* ObserverTests.swift in Sources */,
				C8633AE61B0AA0ED00375D60 /* KVOObservableTests.swift in Sources */,
				C8EA2D381BD02E1900FB22AC /* EquatableArray.swift in Sources */,
				C8F6A1421BEFE04F007DF367 /* SubjectConcurrencyTest.swift in Sources */,
				C88BB8AC1B07E64B0064D411 /* AssumptionsTest.swift in Sources */,
				C88BB8AD1B07E64B0064D411 /* TestConnectableObservable.swift in Sources */,
				C8E3813A1B21B77E008CDC33 /* Observable+Extensions.swift in Sources */,
				C88BB8AE1B07E64B0064D411 /* VariableTest.swift in Sources */,
			);
			runOnlyForDeploymentPostprocessing = 0;
		};
		D2EBEB451BB9B7AE003A27DC /* Sources */ = {
			isa = PBXSourcesBuildPhase;
			buildActionMask = 2147483647;
			files = (
				C8941BDB1BD4F58C00A0E874 /* BackgroundThreadPrimitiveHotObservable.swift in Sources */,
				D2EBEB5A1BB9B7CC003A27DC /* PrimitiveHotObservable.swift in Sources */,
				D2EBEB521BB9B7CC003A27DC /* ColdObservable.swift in Sources */,
				D2EBEB551BB9B7CC003A27DC /* MockObserver.swift in Sources */,
				C89CDB981BCDA1F1002063D9 /* Observable+SubscriptionTest.swift in Sources */,
				D2EBEB6F1BB9B7EF003A27DC /* Observable+CreationTest.swift in Sources */,
				D203C4EC1BB9C22800D02D00 /* UI+RxTests.swift in Sources */,
				D2EBEB591BB9B7CC003A27DC /* TestObserver.swift in Sources */,
				D2EBEB5E1BB9B7D8003A27DC /* VirtualTimeSchedulerBase.swift in Sources */,
				C80DDEDE1BCE9A03006A1832 /* Driver+Test.swift in Sources */,
				D2EBEB641BB9B7EF003A27DC /* AssumptionsTest.swift in Sources */,
				D2EBEB6A1BB9B7EF003A27DC /* DisposableTest.swift in Sources */,
				D2EBEB791BB9B7FD003A27DC /* RxTest.swift in Sources */,
				D2EBEB6E1BB9B7EF003A27DC /* Observable+ConcurrencyTest.swift in Sources */,
				D2EBEB541BB9B7CC003A27DC /* HotObservable.swift in Sources */,
				D2EBEB5D1BB9B7D6003A27DC /* TestScheduler.swift in Sources */,
				D2EBEB6B1BB9B7EF003A27DC /* Observable+AggregateTest.swift in Sources */,
				D2EBEB751BB9B7F9003A27DC /* Observable+TimeTest.swift in Sources */,
				D2EBEB631BB9B7EA003A27DC /* AnonymousObservable+Test.swift in Sources */,
				D2EBEB5B1BB9B7CC003A27DC /* PrimitiveMockObserver.swift in Sources */,
				D2EBEB771BB9B7F9003A27DC /* VariableTest.swift in Sources */,
				D2EBEB781BB9B7F9003A27DC /* ObserverTests.swift in Sources */,
				D203C4EB1BB9C22800D02D00 /* NSNotificationCenterTests.swift in Sources */,
				D2EBEB681BB9B7EF003A27DC /* ConcurrencyTest.swift in Sources */,
				D2EBEB721BB9B7F6003A27DC /* Observable+MultipleTest+Zip.swift in Sources */,
				D2EBEB731BB9B7F9003A27DC /* Observable+SingleTest.swift in Sources */,
				C8F6A1431BEFE04F007DF367 /* SubjectConcurrencyTest.swift in Sources */,
				C80DDEE21BCEE898006A1832 /* MainThreadPrimitiveHotObservable.swift in Sources */,
				D2EBEB6C1BB9B7EF003A27DC /* Observable+BindingTest.swift in Sources */,
				D2EBEB621BB9B7E5003A27DC /* ElementIndexPair.swift in Sources */,
				D2EBEB5F1BB9B7DB003A27DC /* Subscription.swift in Sources */,
				D2EBEB691BB9B7EF003A27DC /* DelegateProxyTest.swift in Sources */,
				D2EBEB701BB9B7EF003A27DC /* Observable+MultipleTest.swift in Sources */,
				D203C5141BB9C54A00D02D00 /* Control+RxTests+UIKit.swift in Sources */,
				D2EBEB581BB9B7CC003A27DC /* TestObservable.swift in Sources */,
				C8E9D2BF1BD422D80079D0DB /* Control+RxTests.swift in Sources */,
				D2EBEB661BB9B7EF003A27DC /* BehaviorSubjectTest.swift in Sources */,
				D2EBEB671BB9B7EF003A27DC /* CompositeObserverTest.swift in Sources */,
				D2EBEB7A1BB9B804003A27DC /* PerformanceTools.swift in Sources */,
				D2EBEB651BB9B7EF003A27DC /* BagTest.swift in Sources */,
				D2EBEB561BB9B7CC003A27DC /* MySubject.swift in Sources */,
				D2AF919A1BD3D9C700A008C1 /* MockDisposable.swift in Sources */,
				D2EBEB761BB9B7F9003A27DC /* QueueTests.swift in Sources */,
				D2EBEB711BB9B7EF003A27DC /* Observable+MultipleTest+CombineLatest.swift in Sources */,
				D203C4EF1BB9C22800D02D00 /* RxCocoaTests.swift in Sources */,
				D2EBEB5C1BB9B7D0003A27DC /* Recorded.swift in Sources */,
				D2EBEB611BB9B7E2003A27DC /* Observable+Extensions.swift in Sources */,
				D203C4EE1BB9C22800D02D00 /* KVOObservableTests.swift in Sources */,
				D203C4F01BB9C22800D02D00 /* NSObject+RxTests.swift in Sources */,
				C8EA2D391BD02E1900FB22AC /* EquatableArray.swift in Sources */,
				D2EBEB531BB9B7CC003A27DC /* TestConnectableObservable.swift in Sources */,
				D2EBEB571BB9B7CC003A27DC /* Observable.Extensions.swift in Sources */,
				D2EBEB741BB9B7F9003A27DC /* Observable+StandardSequenceOperatorsTest.swift in Sources */,
				D2EBEB6D1BB9B7EF003A27DC /* Observable+BlockingTest.swift in Sources */,
			);
			runOnlyForDeploymentPostprocessing = 0;
		};
/* End PBXSourcesBuildPhase section */

/* Begin XCBuildConfiguration section */
		C811081A1AF50DDA001C13E4 /* Debug */ = {
			isa = XCBuildConfiguration;
			buildSettings = {
				ENABLE_TESTABILITY = YES;
				INFOPLIST_FILE = Tests/Info.plist;
				ONLY_ACTIVE_ARCH = YES;
				OTHER_LDFLAGS = (
					"-framework",
					XCTest,
				);
				OTHER_SWIFT_FLAGS = "-D DEBUG -D TRACE_RESOURCES";
				PRODUCT_NAME = RxTests;
			};
			name = Debug;
		};
		C811081B1AF50DDA001C13E4 /* Release */ = {
			isa = XCBuildConfiguration;
			buildSettings = {
				INFOPLIST_FILE = Tests/Info.plist;
				OTHER_LDFLAGS = (
					"-framework",
					XCTest,
				);
				OTHER_SWIFT_FLAGS = "-D RELEASE";
				PRODUCT_NAME = RxTests;
			};
			name = Release;
		};
		C81108271AF50E11001C13E4 /* Debug */ = {
			isa = XCBuildConfiguration;
			buildSettings = {
				ALWAYS_SEARCH_USER_PATHS = NO;
				CLANG_CXX_LANGUAGE_STANDARD = "gnu++0x";
				CLANG_CXX_LIBRARY = "libc++";
				CLANG_ENABLE_MODULES = YES;
				CLANG_ENABLE_OBJC_ARC = YES;
				CLANG_WARN_BOOL_CONVERSION = YES;
				CLANG_WARN_CONSTANT_CONVERSION = YES;
				CLANG_WARN_DIRECT_OBJC_ISA_USAGE = YES_ERROR;
				CLANG_WARN_EMPTY_BODY = YES;
				CLANG_WARN_ENUM_CONVERSION = YES;
				CLANG_WARN_INT_CONVERSION = YES;
				CLANG_WARN_OBJC_ROOT_CLASS = YES_ERROR;
				CLANG_WARN_UNREACHABLE_CODE = YES;
				CLANG_WARN__DUPLICATE_METHOD_MATCH = YES;
				COPY_PHASE_STRIP = NO;
				DEBUG_INFORMATION_FORMAT = "dwarf-with-dsym";
				ENABLE_STRICT_OBJC_MSGSEND = YES;
				GCC_C_LANGUAGE_STANDARD = gnu99;
				GCC_DYNAMIC_NO_PIC = NO;
				GCC_NO_COMMON_BLOCKS = YES;
				GCC_OPTIMIZATION_LEVEL = 0;
				GCC_PREPROCESSOR_DEFINITIONS = (
					"DEBUG=1",
					"$(inherited)",
				);
				GCC_SYMBOLS_PRIVATE_EXTERN = NO;
				GCC_WARN_64_TO_32_BIT_CONVERSION = YES;
				GCC_WARN_ABOUT_RETURN_TYPE = YES_ERROR;
				GCC_WARN_UNDECLARED_SELECTOR = YES;
				GCC_WARN_UNINITIALIZED_AUTOS = YES_AGGRESSIVE;
				GCC_WARN_UNUSED_FUNCTION = YES;
				GCC_WARN_UNUSED_VARIABLE = YES;
				IPHONEOS_DEPLOYMENT_TARGET = 8.3;
				LD_RUNPATH_SEARCH_PATHS = "$(inherited) @executable_path/Frameworks @loader_path/Frameworks";
				MTL_ENABLE_DEBUG_INFO = YES;
				ONLY_ACTIVE_ARCH = YES;
				PRODUCT_BUNDLE_IDENTIFIER = "Krunoslav-Zaher.$(PRODUCT_NAME:rfc1034identifier)";
				SDKROOT = iphoneos;
				SWIFT_OPTIMIZATION_LEVEL = "-Onone";
			};
			name = Debug;
		};
		C81108281AF50E11001C13E4 /* Release */ = {
			isa = XCBuildConfiguration;
			buildSettings = {
				ALWAYS_SEARCH_USER_PATHS = NO;
				CLANG_CXX_LANGUAGE_STANDARD = "gnu++0x";
				CLANG_CXX_LIBRARY = "libc++";
				CLANG_ENABLE_MODULES = YES;
				CLANG_ENABLE_OBJC_ARC = YES;
				CLANG_WARN_BOOL_CONVERSION = YES;
				CLANG_WARN_CONSTANT_CONVERSION = YES;
				CLANG_WARN_DIRECT_OBJC_ISA_USAGE = YES_ERROR;
				CLANG_WARN_EMPTY_BODY = YES;
				CLANG_WARN_ENUM_CONVERSION = YES;
				CLANG_WARN_INT_CONVERSION = YES;
				CLANG_WARN_OBJC_ROOT_CLASS = YES_ERROR;
				CLANG_WARN_UNREACHABLE_CODE = YES;
				CLANG_WARN__DUPLICATE_METHOD_MATCH = YES;
				COPY_PHASE_STRIP = NO;
				DEBUG_INFORMATION_FORMAT = "dwarf-with-dsym";
				ENABLE_NS_ASSERTIONS = NO;
				ENABLE_STRICT_OBJC_MSGSEND = YES;
				GCC_C_LANGUAGE_STANDARD = gnu99;
				GCC_NO_COMMON_BLOCKS = YES;
				GCC_WARN_64_TO_32_BIT_CONVERSION = YES;
				GCC_WARN_ABOUT_RETURN_TYPE = YES_ERROR;
				GCC_WARN_UNDECLARED_SELECTOR = YES;
				GCC_WARN_UNINITIALIZED_AUTOS = YES_AGGRESSIVE;
				GCC_WARN_UNUSED_FUNCTION = YES;
				GCC_WARN_UNUSED_VARIABLE = YES;
				IPHONEOS_DEPLOYMENT_TARGET = 8.3;
				LD_RUNPATH_SEARCH_PATHS = "$(inherited) @executable_path/Frameworks @loader_path/Frameworks";
				MTL_ENABLE_DEBUG_INFO = NO;
				PRODUCT_BUNDLE_IDENTIFIER = "Krunoslav-Zaher.$(PRODUCT_NAME:rfc1034identifier)";
				SDKROOT = iphoneos;
				VALIDATE_PRODUCT = YES;
			};
			name = Release;
		};
		C8633A9D1B09019D00375D60 /* Release-Tests */ = {
			isa = XCBuildConfiguration;
			buildSettings = {
				INFOPLIST_FILE = Tests/Info.plist;
				OTHER_LDFLAGS = (
					"-framework",
					XCTest,
				);
				OTHER_SWIFT_FLAGS = "-D TRACE_RESOURCES";
				PRODUCT_NAME = RxTests;
			};
			name = "Release-Tests";
		};
		C8633A9E1B09019D00375D60 /* Release-Tests */ = {
			isa = XCBuildConfiguration;
			buildSettings = {
				ALWAYS_SEARCH_USER_PATHS = NO;
				CLANG_CXX_LANGUAGE_STANDARD = "gnu++0x";
				CLANG_CXX_LIBRARY = "libc++";
				CLANG_ENABLE_MODULES = YES;
				CLANG_ENABLE_OBJC_ARC = YES;
				CLANG_WARN_BOOL_CONVERSION = YES;
				CLANG_WARN_CONSTANT_CONVERSION = YES;
				CLANG_WARN_DIRECT_OBJC_ISA_USAGE = YES_ERROR;
				CLANG_WARN_EMPTY_BODY = YES;
				CLANG_WARN_ENUM_CONVERSION = YES;
				CLANG_WARN_INT_CONVERSION = YES;
				CLANG_WARN_OBJC_ROOT_CLASS = YES_ERROR;
				CLANG_WARN_UNREACHABLE_CODE = YES;
				CLANG_WARN__DUPLICATE_METHOD_MATCH = YES;
				COPY_PHASE_STRIP = NO;
				DEBUG_INFORMATION_FORMAT = "dwarf-with-dsym";
				ENABLE_NS_ASSERTIONS = NO;
				ENABLE_STRICT_OBJC_MSGSEND = YES;
				GCC_C_LANGUAGE_STANDARD = gnu99;
				GCC_NO_COMMON_BLOCKS = YES;
				GCC_WARN_64_TO_32_BIT_CONVERSION = YES;
				GCC_WARN_ABOUT_RETURN_TYPE = YES_ERROR;
				GCC_WARN_UNDECLARED_SELECTOR = YES;
				GCC_WARN_UNINITIALIZED_AUTOS = YES_AGGRESSIVE;
				GCC_WARN_UNUSED_FUNCTION = YES;
				GCC_WARN_UNUSED_VARIABLE = YES;
				IPHONEOS_DEPLOYMENT_TARGET = 8.3;
				LD_RUNPATH_SEARCH_PATHS = "$(inherited) @executable_path/Frameworks @loader_path/Frameworks";
				MTL_ENABLE_DEBUG_INFO = NO;
				PRODUCT_BUNDLE_IDENTIFIER = "Krunoslav-Zaher.$(PRODUCT_NAME:rfc1034identifier)";
				SDKROOT = iphoneos;
				VALIDATE_PRODUCT = YES;
			};
			name = "Release-Tests";
		};
		C8633A9F1B09019D00375D60 /* Release-Tests */ = {
			isa = XCBuildConfiguration;
			buildSettings = {
				ALWAYS_SEARCH_USER_PATHS = NO;
				CLANG_CXX_LANGUAGE_STANDARD = "gnu++0x";
				CLANG_CXX_LIBRARY = "libc++";
				CLANG_ENABLE_MODULES = YES;
				CLANG_ENABLE_OBJC_ARC = YES;
				CLANG_WARN_BOOL_CONVERSION = YES;
				CLANG_WARN_CONSTANT_CONVERSION = YES;
				CLANG_WARN_DIRECT_OBJC_ISA_USAGE = YES_ERROR;
				CLANG_WARN_EMPTY_BODY = YES;
				CLANG_WARN_ENUM_CONVERSION = YES;
				CLANG_WARN_INT_CONVERSION = YES;
				CLANG_WARN_OBJC_ROOT_CLASS = YES_ERROR;
				CLANG_WARN_UNREACHABLE_CODE = YES;
				CLANG_WARN__DUPLICATE_METHOD_MATCH = YES;
				COMBINE_HIDPI_IMAGES = YES;
				COPY_PHASE_STRIP = NO;
				DEBUG_INFORMATION_FORMAT = "dwarf-with-dsym";
				ENABLE_NS_ASSERTIONS = NO;
				ENABLE_STRICT_OBJC_MSGSEND = YES;
				GCC_C_LANGUAGE_STANDARD = gnu99;
				GCC_NO_COMMON_BLOCKS = YES;
				GCC_WARN_64_TO_32_BIT_CONVERSION = YES;
				GCC_WARN_ABOUT_RETURN_TYPE = YES_ERROR;
				GCC_WARN_UNDECLARED_SELECTOR = YES;
				GCC_WARN_UNINITIALIZED_AUTOS = YES_AGGRESSIVE;
				GCC_WARN_UNUSED_FUNCTION = YES;
				GCC_WARN_UNUSED_VARIABLE = YES;
				IPHONEOS_DEPLOYMENT_TARGET = 8.3;
				LD_RUNPATH_SEARCH_PATHS = "$(inherited) @executable_path/../Frameworks @loader_path/../Frameworks";
				MTL_ENABLE_DEBUG_INFO = NO;
				PRODUCT_BUNDLE_IDENTIFIER = "Krunoslav-Zaher.$(PRODUCT_NAME:rfc1034identifier)";
				SDKROOT = macosx;
				VALIDATE_PRODUCT = YES;
			};
			name = "Release-Tests";
		};
		C868D1141BB950D4003D1474 /* Debug */ = {
			isa = XCBuildConfiguration;
			buildSettings = {
				ALWAYS_SEARCH_USER_PATHS = NO;
				ASSETCATALOG_COMPILER_APPICON_NAME = AppIcon;
				CLANG_CXX_LANGUAGE_STANDARD = "gnu++0x";
				CLANG_CXX_LIBRARY = "libc++";
				CLANG_ENABLE_MODULES = YES;
				CLANG_ENABLE_OBJC_ARC = YES;
				CLANG_WARN_BOOL_CONVERSION = YES;
				CLANG_WARN_CONSTANT_CONVERSION = YES;
				CLANG_WARN_DIRECT_OBJC_ISA_USAGE = YES_ERROR;
				CLANG_WARN_EMPTY_BODY = YES;
				CLANG_WARN_ENUM_CONVERSION = YES;
				CLANG_WARN_INT_CONVERSION = YES;
				CLANG_WARN_OBJC_ROOT_CLASS = YES_ERROR;
				CLANG_WARN_UNREACHABLE_CODE = YES;
				CLANG_WARN__DUPLICATE_METHOD_MATCH = YES;
				CODE_SIGN_IDENTITY = "-";
				COMBINE_HIDPI_IMAGES = YES;
				COPY_PHASE_STRIP = NO;
				DEBUG_INFORMATION_FORMAT = dwarf;
				ENABLE_STRICT_OBJC_MSGSEND = YES;
				GCC_C_LANGUAGE_STANDARD = gnu99;
				GCC_DYNAMIC_NO_PIC = NO;
				GCC_NO_COMMON_BLOCKS = YES;
				GCC_OPTIMIZATION_LEVEL = 0;
				GCC_PREPROCESSOR_DEFINITIONS = (
					"DEBUG=1",
					"$(inherited)",
				);
				GCC_WARN_64_TO_32_BIT_CONVERSION = YES;
				GCC_WARN_ABOUT_RETURN_TYPE = YES_ERROR;
				GCC_WARN_UNDECLARED_SELECTOR = YES;
				GCC_WARN_UNINITIALIZED_AUTOS = YES_AGGRESSIVE;
				GCC_WARN_UNUSED_FUNCTION = YES;
				GCC_WARN_UNUSED_VARIABLE = YES;
				INFOPLIST_FILE = PerformanceTests/Info.plist;
				LD_RUNPATH_SEARCH_PATHS = "$(inherited) @executable_path/../Frameworks";
				MACOSX_DEPLOYMENT_TARGET = 10.10;
				MTL_ENABLE_DEBUG_INFO = YES;
				OTHER_LDFLAGS = "";
				OTHER_SWIFT_FLAGS = "$(inherits) -D ALLOC_HOOK";
				PRODUCT_BUNDLE_IDENTIFIER = "Krunoslav-Zaher.PerformanceTests";
				PRODUCT_NAME = "$(TARGET_NAME)";
				SDKROOT = macosx;
				SWIFT_OPTIMIZATION_LEVEL = "-Onone";
			};
			name = Debug;
		};
		C868D1151BB950D4003D1474 /* Release */ = {
			isa = XCBuildConfiguration;
			buildSettings = {
				ALWAYS_SEARCH_USER_PATHS = NO;
				ASSETCATALOG_COMPILER_APPICON_NAME = AppIcon;
				CLANG_CXX_LANGUAGE_STANDARD = "gnu++0x";
				CLANG_CXX_LIBRARY = "libc++";
				CLANG_ENABLE_MODULES = YES;
				CLANG_ENABLE_OBJC_ARC = YES;
				CLANG_WARN_BOOL_CONVERSION = YES;
				CLANG_WARN_CONSTANT_CONVERSION = YES;
				CLANG_WARN_DIRECT_OBJC_ISA_USAGE = YES_ERROR;
				CLANG_WARN_EMPTY_BODY = YES;
				CLANG_WARN_ENUM_CONVERSION = YES;
				CLANG_WARN_INT_CONVERSION = YES;
				CLANG_WARN_OBJC_ROOT_CLASS = YES_ERROR;
				CLANG_WARN_UNREACHABLE_CODE = YES;
				CLANG_WARN__DUPLICATE_METHOD_MATCH = YES;
				CODE_SIGN_IDENTITY = "-";
				COMBINE_HIDPI_IMAGES = YES;
				COPY_PHASE_STRIP = NO;
				DEBUG_INFORMATION_FORMAT = "dwarf-with-dsym";
				ENABLE_NS_ASSERTIONS = NO;
				ENABLE_STRICT_OBJC_MSGSEND = YES;
				GCC_C_LANGUAGE_STANDARD = gnu99;
				GCC_NO_COMMON_BLOCKS = YES;
				GCC_WARN_64_TO_32_BIT_CONVERSION = YES;
				GCC_WARN_ABOUT_RETURN_TYPE = YES_ERROR;
				GCC_WARN_UNDECLARED_SELECTOR = YES;
				GCC_WARN_UNINITIALIZED_AUTOS = YES_AGGRESSIVE;
				GCC_WARN_UNUSED_FUNCTION = YES;
				GCC_WARN_UNUSED_VARIABLE = YES;
				INFOPLIST_FILE = PerformanceTests/Info.plist;
				LD_RUNPATH_SEARCH_PATHS = "$(inherited) @executable_path/../Frameworks";
				MACOSX_DEPLOYMENT_TARGET = 10.10;
				MTL_ENABLE_DEBUG_INFO = NO;
				OTHER_LDFLAGS = "";
				OTHER_SWIFT_FLAGS = "$(inherits) -D ALLOC_HOOK";
				PRODUCT_BUNDLE_IDENTIFIER = "Krunoslav-Zaher.PerformanceTests";
				PRODUCT_NAME = "$(TARGET_NAME)";
				SDKROOT = macosx;
				SWIFT_OPTIMIZATION_LEVEL = "-Onone";
			};
			name = Release;
		};
		C868D1161BB950D4003D1474 /* Release-Tests */ = {
			isa = XCBuildConfiguration;
			buildSettings = {
				ALWAYS_SEARCH_USER_PATHS = NO;
				ASSETCATALOG_COMPILER_APPICON_NAME = AppIcon;
				CLANG_CXX_LANGUAGE_STANDARD = "gnu++0x";
				CLANG_CXX_LIBRARY = "libc++";
				CLANG_ENABLE_MODULES = YES;
				CLANG_ENABLE_OBJC_ARC = YES;
				CLANG_WARN_BOOL_CONVERSION = YES;
				CLANG_WARN_CONSTANT_CONVERSION = YES;
				CLANG_WARN_DIRECT_OBJC_ISA_USAGE = YES_ERROR;
				CLANG_WARN_EMPTY_BODY = YES;
				CLANG_WARN_ENUM_CONVERSION = YES;
				CLANG_WARN_INT_CONVERSION = YES;
				CLANG_WARN_OBJC_ROOT_CLASS = YES_ERROR;
				CLANG_WARN_UNREACHABLE_CODE = YES;
				CLANG_WARN__DUPLICATE_METHOD_MATCH = YES;
				CODE_SIGN_IDENTITY = "-";
				COMBINE_HIDPI_IMAGES = YES;
				COPY_PHASE_STRIP = NO;
				DEBUG_INFORMATION_FORMAT = "dwarf-with-dsym";
				ENABLE_NS_ASSERTIONS = NO;
				ENABLE_STRICT_OBJC_MSGSEND = YES;
				GCC_C_LANGUAGE_STANDARD = gnu99;
				GCC_NO_COMMON_BLOCKS = YES;
				GCC_WARN_64_TO_32_BIT_CONVERSION = YES;
				GCC_WARN_ABOUT_RETURN_TYPE = YES_ERROR;
				GCC_WARN_UNDECLARED_SELECTOR = YES;
				GCC_WARN_UNINITIALIZED_AUTOS = YES_AGGRESSIVE;
				GCC_WARN_UNUSED_FUNCTION = YES;
				GCC_WARN_UNUSED_VARIABLE = YES;
				INFOPLIST_FILE = PerformanceTests/Info.plist;
				LD_RUNPATH_SEARCH_PATHS = "$(inherited) @executable_path/../Frameworks";
				MACOSX_DEPLOYMENT_TARGET = 10.10;
				MTL_ENABLE_DEBUG_INFO = NO;
				OTHER_LDFLAGS = "";
				OTHER_SWIFT_FLAGS = "$(inherits) -D ALLOC_HOOK";
				PRODUCT_BUNDLE_IDENTIFIER = "Krunoslav-Zaher.PerformanceTests";
				PRODUCT_NAME = "$(TARGET_NAME)";
				SDKROOT = macosx;
				SWIFT_OPTIMIZATION_LEVEL = "-Onone";
			};
			name = "Release-Tests";
		};
		C88BB8B51B07E64B0064D411 /* Debug */ = {
			isa = XCBuildConfiguration;
			buildSettings = {
				ALWAYS_SEARCH_USER_PATHS = NO;
				CLANG_CXX_LANGUAGE_STANDARD = "gnu++0x";
				CLANG_CXX_LIBRARY = "libc++";
				CLANG_ENABLE_MODULES = YES;
				CLANG_ENABLE_OBJC_ARC = YES;
				CLANG_WARN_BOOL_CONVERSION = YES;
				CLANG_WARN_CONSTANT_CONVERSION = YES;
				CLANG_WARN_DIRECT_OBJC_ISA_USAGE = YES_ERROR;
				CLANG_WARN_EMPTY_BODY = YES;
				CLANG_WARN_ENUM_CONVERSION = YES;
				CLANG_WARN_INT_CONVERSION = YES;
				CLANG_WARN_OBJC_ROOT_CLASS = YES_ERROR;
				CLANG_WARN_UNREACHABLE_CODE = YES;
				CLANG_WARN__DUPLICATE_METHOD_MATCH = YES;
				COMBINE_HIDPI_IMAGES = YES;
				COPY_PHASE_STRIP = NO;
				DEBUG_INFORMATION_FORMAT = "dwarf-with-dsym";
				ENABLE_STRICT_OBJC_MSGSEND = YES;
				GCC_C_LANGUAGE_STANDARD = gnu99;
				GCC_DYNAMIC_NO_PIC = NO;
				GCC_NO_COMMON_BLOCKS = YES;
				GCC_OPTIMIZATION_LEVEL = 0;
				GCC_PREPROCESSOR_DEFINITIONS = (
					"DEBUG=1",
					"$(inherited)",
				);
				GCC_SYMBOLS_PRIVATE_EXTERN = NO;
				GCC_WARN_64_TO_32_BIT_CONVERSION = YES;
				GCC_WARN_ABOUT_RETURN_TYPE = YES_ERROR;
				GCC_WARN_UNDECLARED_SELECTOR = YES;
				GCC_WARN_UNINITIALIZED_AUTOS = YES_AGGRESSIVE;
				GCC_WARN_UNUSED_FUNCTION = YES;
				GCC_WARN_UNUSED_VARIABLE = YES;
				IPHONEOS_DEPLOYMENT_TARGET = 8.3;
				LD_RUNPATH_SEARCH_PATHS = "$(inherited) @executable_path/../Frameworks @loader_path/../Frameworks";
				MTL_ENABLE_DEBUG_INFO = YES;
				PRODUCT_BUNDLE_IDENTIFIER = "Krunoslav-Zaher.$(PRODUCT_NAME:rfc1034identifier)";
				SDKROOT = macosx;
				SWIFT_OPTIMIZATION_LEVEL = "-Onone";
			};
			name = Debug;
		};
		C88BB8B61B07E64B0064D411 /* Release */ = {
			isa = XCBuildConfiguration;
			buildSettings = {
				ALWAYS_SEARCH_USER_PATHS = NO;
				CLANG_CXX_LANGUAGE_STANDARD = "gnu++0x";
				CLANG_CXX_LIBRARY = "libc++";
				CLANG_ENABLE_MODULES = YES;
				CLANG_ENABLE_OBJC_ARC = YES;
				CLANG_WARN_BOOL_CONVERSION = YES;
				CLANG_WARN_CONSTANT_CONVERSION = YES;
				CLANG_WARN_DIRECT_OBJC_ISA_USAGE = YES_ERROR;
				CLANG_WARN_EMPTY_BODY = YES;
				CLANG_WARN_ENUM_CONVERSION = YES;
				CLANG_WARN_INT_CONVERSION = YES;
				CLANG_WARN_OBJC_ROOT_CLASS = YES_ERROR;
				CLANG_WARN_UNREACHABLE_CODE = YES;
				CLANG_WARN__DUPLICATE_METHOD_MATCH = YES;
				COMBINE_HIDPI_IMAGES = YES;
				COPY_PHASE_STRIP = NO;
				DEBUG_INFORMATION_FORMAT = "dwarf-with-dsym";
				ENABLE_NS_ASSERTIONS = NO;
				ENABLE_STRICT_OBJC_MSGSEND = YES;
				GCC_C_LANGUAGE_STANDARD = gnu99;
				GCC_NO_COMMON_BLOCKS = YES;
				GCC_WARN_64_TO_32_BIT_CONVERSION = YES;
				GCC_WARN_ABOUT_RETURN_TYPE = YES_ERROR;
				GCC_WARN_UNDECLARED_SELECTOR = YES;
				GCC_WARN_UNINITIALIZED_AUTOS = YES_AGGRESSIVE;
				GCC_WARN_UNUSED_FUNCTION = YES;
				GCC_WARN_UNUSED_VARIABLE = YES;
				IPHONEOS_DEPLOYMENT_TARGET = 8.3;
				LD_RUNPATH_SEARCH_PATHS = "$(inherited) @executable_path/../Frameworks @loader_path/../Frameworks";
				MTL_ENABLE_DEBUG_INFO = NO;
				PRODUCT_BUNDLE_IDENTIFIER = "Krunoslav-Zaher.$(PRODUCT_NAME:rfc1034identifier)";
				SDKROOT = macosx;
				VALIDATE_PRODUCT = YES;
			};
			name = Release;
		};
		D2EBEB4E1BB9B7AE003A27DC /* Debug */ = {
			isa = XCBuildConfiguration;
			buildSettings = {
				ALWAYS_SEARCH_USER_PATHS = NO;
				CLANG_CXX_LANGUAGE_STANDARD = "gnu++0x";
				CLANG_CXX_LIBRARY = "libc++";
				CLANG_ENABLE_MODULES = YES;
				CLANG_ENABLE_OBJC_ARC = YES;
				CLANG_WARN_BOOL_CONVERSION = YES;
				CLANG_WARN_CONSTANT_CONVERSION = YES;
				CLANG_WARN_DIRECT_OBJC_ISA_USAGE = YES_ERROR;
				CLANG_WARN_EMPTY_BODY = YES;
				CLANG_WARN_ENUM_CONVERSION = YES;
				CLANG_WARN_INT_CONVERSION = YES;
				CLANG_WARN_OBJC_ROOT_CLASS = YES_ERROR;
				CLANG_WARN_UNREACHABLE_CODE = YES;
				CLANG_WARN__DUPLICATE_METHOD_MATCH = YES;
				COPY_PHASE_STRIP = NO;
				DEBUG_INFORMATION_FORMAT = "dwarf-with-dsym";
				ENABLE_STRICT_OBJC_MSGSEND = YES;
				GCC_C_LANGUAGE_STANDARD = gnu99;
				GCC_DYNAMIC_NO_PIC = NO;
				GCC_NO_COMMON_BLOCKS = YES;
				GCC_OPTIMIZATION_LEVEL = 0;
				GCC_PREPROCESSOR_DEFINITIONS = (
					"DEBUG=1",
					"$(inherited)",
				);
				GCC_WARN_64_TO_32_BIT_CONVERSION = YES;
				GCC_WARN_ABOUT_RETURN_TYPE = YES_ERROR;
				GCC_WARN_UNDECLARED_SELECTOR = YES;
				GCC_WARN_UNINITIALIZED_AUTOS = YES_AGGRESSIVE;
				GCC_WARN_UNUSED_FUNCTION = YES;
				GCC_WARN_UNUSED_VARIABLE = YES;
				LD_RUNPATH_SEARCH_PATHS = "$(inherited) @executable_path/Frameworks @loader_path/Frameworks";
				MTL_ENABLE_DEBUG_INFO = YES;
				PRODUCT_BUNDLE_IDENTIFIER = "Krunoslav-Zaher.$(PRODUCT_NAME:rfc1034identifier)";
				SDKROOT = appletvos;
				SWIFT_OPTIMIZATION_LEVEL = "-Onone";
				TVOS_DEPLOYMENT_TARGET = 9.0;
			};
			name = Debug;
		};
		D2EBEB4F1BB9B7AE003A27DC /* Release */ = {
			isa = XCBuildConfiguration;
			buildSettings = {
				ALWAYS_SEARCH_USER_PATHS = NO;
				CLANG_CXX_LANGUAGE_STANDARD = "gnu++0x";
				CLANG_CXX_LIBRARY = "libc++";
				CLANG_ENABLE_MODULES = YES;
				CLANG_ENABLE_OBJC_ARC = YES;
				CLANG_WARN_BOOL_CONVERSION = YES;
				CLANG_WARN_CONSTANT_CONVERSION = YES;
				CLANG_WARN_DIRECT_OBJC_ISA_USAGE = YES_ERROR;
				CLANG_WARN_EMPTY_BODY = YES;
				CLANG_WARN_ENUM_CONVERSION = YES;
				CLANG_WARN_INT_CONVERSION = YES;
				CLANG_WARN_OBJC_ROOT_CLASS = YES_ERROR;
				CLANG_WARN_UNREACHABLE_CODE = YES;
				CLANG_WARN__DUPLICATE_METHOD_MATCH = YES;
				COPY_PHASE_STRIP = NO;
				DEBUG_INFORMATION_FORMAT = "dwarf-with-dsym";
				ENABLE_NS_ASSERTIONS = NO;
				ENABLE_STRICT_OBJC_MSGSEND = YES;
				GCC_C_LANGUAGE_STANDARD = gnu99;
				GCC_NO_COMMON_BLOCKS = YES;
				GCC_WARN_64_TO_32_BIT_CONVERSION = YES;
				GCC_WARN_ABOUT_RETURN_TYPE = YES_ERROR;
				GCC_WARN_UNDECLARED_SELECTOR = YES;
				GCC_WARN_UNINITIALIZED_AUTOS = YES_AGGRESSIVE;
				GCC_WARN_UNUSED_FUNCTION = YES;
				GCC_WARN_UNUSED_VARIABLE = YES;
				LD_RUNPATH_SEARCH_PATHS = "$(inherited) @executable_path/Frameworks @loader_path/Frameworks";
				MTL_ENABLE_DEBUG_INFO = NO;
				PRODUCT_BUNDLE_IDENTIFIER = "Krunoslav-Zaher.$(PRODUCT_NAME:rfc1034identifier)";
				SDKROOT = appletvos;
				TVOS_DEPLOYMENT_TARGET = 9.0;
				VALIDATE_PRODUCT = YES;
			};
			name = Release;
		};
		D2EBEB501BB9B7AE003A27DC /* Release-Tests */ = {
			isa = XCBuildConfiguration;
			buildSettings = {
				ALWAYS_SEARCH_USER_PATHS = NO;
				CLANG_CXX_LANGUAGE_STANDARD = "gnu++0x";
				CLANG_CXX_LIBRARY = "libc++";
				CLANG_ENABLE_MODULES = YES;
				CLANG_ENABLE_OBJC_ARC = YES;
				CLANG_WARN_BOOL_CONVERSION = YES;
				CLANG_WARN_CONSTANT_CONVERSION = YES;
				CLANG_WARN_DIRECT_OBJC_ISA_USAGE = YES_ERROR;
				CLANG_WARN_EMPTY_BODY = YES;
				CLANG_WARN_ENUM_CONVERSION = YES;
				CLANG_WARN_INT_CONVERSION = YES;
				CLANG_WARN_OBJC_ROOT_CLASS = YES_ERROR;
				CLANG_WARN_UNREACHABLE_CODE = YES;
				CLANG_WARN__DUPLICATE_METHOD_MATCH = YES;
				COPY_PHASE_STRIP = NO;
				DEBUG_INFORMATION_FORMAT = "dwarf-with-dsym";
				ENABLE_NS_ASSERTIONS = NO;
				ENABLE_STRICT_OBJC_MSGSEND = YES;
				GCC_C_LANGUAGE_STANDARD = gnu99;
				GCC_NO_COMMON_BLOCKS = YES;
				GCC_WARN_64_TO_32_BIT_CONVERSION = YES;
				GCC_WARN_ABOUT_RETURN_TYPE = YES_ERROR;
				GCC_WARN_UNDECLARED_SELECTOR = YES;
				GCC_WARN_UNINITIALIZED_AUTOS = YES_AGGRESSIVE;
				GCC_WARN_UNUSED_FUNCTION = YES;
				GCC_WARN_UNUSED_VARIABLE = YES;
				LD_RUNPATH_SEARCH_PATHS = "$(inherited) @executable_path/Frameworks @loader_path/Frameworks";
				MTL_ENABLE_DEBUG_INFO = NO;
				PRODUCT_BUNDLE_IDENTIFIER = "Krunoslav-Zaher.$(PRODUCT_NAME:rfc1034identifier)";
				SDKROOT = appletvos;
				TVOS_DEPLOYMENT_TARGET = 9.0;
				VALIDATE_PRODUCT = YES;
			};
			name = "Release-Tests";
		};
/* End XCBuildConfiguration section */

/* Begin XCConfigurationList section */
		C81108191AF50DDA001C13E4 /* Build configuration list for PBXProject "RxTests" */ = {
			isa = XCConfigurationList;
			buildConfigurations = (
				C811081A1AF50DDA001C13E4 /* Debug */,
				C811081B1AF50DDA001C13E4 /* Release */,
				C8633A9D1B09019D00375D60 /* Release-Tests */,
			);
			defaultConfigurationIsVisible = 0;
			defaultConfigurationName = Release;
		};
		C81108291AF50E11001C13E4 /* Build configuration list for PBXNativeTarget "RxTests-iOS" */ = {
			isa = XCConfigurationList;
			buildConfigurations = (
				C81108271AF50E11001C13E4 /* Debug */,
				C81108281AF50E11001C13E4 /* Release */,
				C8633A9E1B09019D00375D60 /* Release-Tests */,
			);
			defaultConfigurationIsVisible = 0;
			defaultConfigurationName = Release;
		};
		C868D1131BB950D4003D1474 /* Build configuration list for PBXNativeTarget "PerformanceTests" */ = {
			isa = XCConfigurationList;
			buildConfigurations = (
				C868D1141BB950D4003D1474 /* Debug */,
				C868D1151BB950D4003D1474 /* Release */,
				C868D1161BB950D4003D1474 /* Release-Tests */,
			);
			defaultConfigurationIsVisible = 0;
			defaultConfigurationName = Release;
		};
		C88BB8B41B07E64B0064D411 /* Build configuration list for PBXNativeTarget "RxTests-OSX" */ = {
			isa = XCConfigurationList;
			buildConfigurations = (
				C88BB8B51B07E64B0064D411 /* Debug */,
				C88BB8B61B07E64B0064D411 /* Release */,
				C8633A9F1B09019D00375D60 /* Release-Tests */,
			);
			defaultConfigurationIsVisible = 0;
			defaultConfigurationName = Release;
		};
		D2EBEB511BB9B7AE003A27DC /* Build configuration list for PBXNativeTarget "RxTests-tvOS" */ = {
			isa = XCConfigurationList;
			buildConfigurations = (
				D2EBEB4E1BB9B7AE003A27DC /* Debug */,
				D2EBEB4F1BB9B7AE003A27DC /* Release */,
				D2EBEB501BB9B7AE003A27DC /* Release-Tests */,
			);
			defaultConfigurationIsVisible = 0;
			defaultConfigurationName = Release;
		};
/* End XCConfigurationList section */
	};
	rootObject = C81108161AF50DDA001C13E4 /* Project object */;
}
