// !$*UTF8*$!
{
	archiveVersion = 1;
	classes = {
	};
	objectVersion = 46;
	objects = {

/* Begin PBXBuildFile section */
		0706E1961B14AF5100BA2D3A /* DetailViewController.swift in Sources */ = {isa = PBXBuildFile; fileRef = 0706E1951B14AF5100BA2D3A /* DetailViewController.swift */; };
		0706E19B1B17361100BA2D3A /* UIImageView+Extensions.swift in Sources */ = {isa = PBXBuildFile; fileRef = 0706E19A1B17361100BA2D3A /* UIImageView+Extensions.swift */; };
		0706E19D1B176EE200BA2D3A /* String+extensions.swift in Sources */ = {isa = PBXBuildFile; fileRef = 0706E19C1B176EE200BA2D3A /* String+extensions.swift */; };
		0706E19F1B17703E00BA2D3A /* RandomUserAPI.swift in Sources */ = {isa = PBXBuildFile; fileRef = 0706E19E1B17703E00BA2D3A /* RandomUserAPI.swift */; };
		07E300071B14995F00F00100 /* TableViewController.swift in Sources */ = {isa = PBXBuildFile; fileRef = 07E300061B14995F00F00100 /* TableViewController.swift */; };
		07E300091B149A2A00F00100 /* User.swift in Sources */ = {isa = PBXBuildFile; fileRef = 07E300081B149A2A00F00100 /* User.swift */; };
		07E3C2331B03605B0010338D /* Dependencies.swift in Sources */ = {isa = PBXBuildFile; fileRef = 07E3C2321B03605B0010338D /* Dependencies.swift */; };
		C83367231AD029AE00C668A7 /* Example.swift in Sources */ = {isa = PBXBuildFile; fileRef = C833670F1AD029AE00C668A7 /* Example.swift */; };
		C83367241AD029AE00C668A7 /* HtmlParsing.swift in Sources */ = {isa = PBXBuildFile; fileRef = C83367111AD029AE00C668A7 /* HtmlParsing.swift */; };
		C83367251AD029AE00C668A7 /* ImageService.swift in Sources */ = {isa = PBXBuildFile; fileRef = C83367121AD029AE00C668A7 /* ImageService.swift */; };
		C83367311AD029AE00C668A7 /* Wireframe.swift in Sources */ = {isa = PBXBuildFile; fileRef = C83367211AD029AE00C668A7 /* Wireframe.swift */; };
		C859B9A41B45C5D900D012D7 /* PartialUpdatesViewController.swift in Sources */ = {isa = PBXBuildFile; fileRef = C859B9A31B45C5D900D012D7 /* PartialUpdatesViewController.swift */; };
		C859B9A61B45C80700D012D7 /* RxCollectionViewSectionedReloadDataSource.swift in Sources */ = {isa = PBXBuildFile; fileRef = C859B9A51B45C80700D012D7 /* RxCollectionViewSectionedReloadDataSource.swift */; };
		C859B9A81B45C83700D012D7 /* RxCollectionViewSectionedDataSource.swift in Sources */ = {isa = PBXBuildFile; fileRef = C859B9A71B45C83700D012D7 /* RxCollectionViewSectionedDataSource.swift */; };
		C859B9AA1B45CB0900D012D7 /* RxCollectionViewSectionedAnimatedDataSource.swift in Sources */ = {isa = PBXBuildFile; fileRef = C859B9A91B45CB0900D012D7 /* RxCollectionViewSectionedAnimatedDataSource.swift */; };
		C859B9AC1B45CF9100D012D7 /* NumberCell.swift in Sources */ = {isa = PBXBuildFile; fileRef = C859B9AB1B45CF9100D012D7 /* NumberCell.swift */; };
		C859B9AE1B45CFAB00D012D7 /* NumberSectionView.swift in Sources */ = {isa = PBXBuildFile; fileRef = C859B9AD1B45CFAB00D012D7 /* NumberSectionView.swift */; };
		C86E2F3E1AE5A0CA00C31024 /* SearchResultViewModel.swift in Sources */ = {isa = PBXBuildFile; fileRef = C86E2F321AE5A0CA00C31024 /* SearchResultViewModel.swift */; };
		C86E2F3F1AE5A0CA00C31024 /* SearchViewModel.swift in Sources */ = {isa = PBXBuildFile; fileRef = C86E2F331AE5A0CA00C31024 /* SearchViewModel.swift */; };
		C86E2F451AE5A0CA00C31024 /* WikipediaAPI.swift in Sources */ = {isa = PBXBuildFile; fileRef = C86E2F3B1AE5A0CA00C31024 /* WikipediaAPI.swift */; };
		C86E2F461AE5A0CA00C31024 /* WikipediaPage.swift in Sources */ = {isa = PBXBuildFile; fileRef = C86E2F3C1AE5A0CA00C31024 /* WikipediaPage.swift */; };
		C86E2F471AE5A0CA00C31024 /* WikipediaSearchResult.swift in Sources */ = {isa = PBXBuildFile; fileRef = C86E2F3D1AE5A0CA00C31024 /* WikipediaSearchResult.swift */; };
		C88BB8BB1B07E6C90064D411 /* SearchResultViewModel.swift in Sources */ = {isa = PBXBuildFile; fileRef = C86E2F321AE5A0CA00C31024 /* SearchResultViewModel.swift */; };
		C88BB8BC1B07E6C90064D411 /* HtmlParsing.swift in Sources */ = {isa = PBXBuildFile; fileRef = C83367111AD029AE00C668A7 /* HtmlParsing.swift */; };
		C88BB8BD1B07E6C90064D411 /* SearchViewModel.swift in Sources */ = {isa = PBXBuildFile; fileRef = C86E2F331AE5A0CA00C31024 /* SearchViewModel.swift */; };
		C88BB8BE1B07E6C90064D411 /* ImageService.swift in Sources */ = {isa = PBXBuildFile; fileRef = C83367121AD029AE00C668A7 /* ImageService.swift */; };
		C88BB8BF1B07E6C90064D411 /* WikipediaSearchResult.swift in Sources */ = {isa = PBXBuildFile; fileRef = C86E2F3D1AE5A0CA00C31024 /* WikipediaSearchResult.swift */; };
		C88BB8C31B07E6C90064D411 /* Example.swift in Sources */ = {isa = PBXBuildFile; fileRef = C833670F1AD029AE00C668A7 /* Example.swift */; };
		C88BB8C41B07E6C90064D411 /* ViewController.swift in Sources */ = {isa = PBXBuildFile; fileRef = C890A65C1AEC084100AFF7E6 /* ViewController.swift */; };
		C88BB8C61B07E6C90064D411 /* Wireframe.swift in Sources */ = {isa = PBXBuildFile; fileRef = C83367211AD029AE00C668A7 /* Wireframe.swift */; };
		C88BB8C71B07E6C90064D411 /* Dependencies.swift in Sources */ = {isa = PBXBuildFile; fileRef = 07E3C2321B03605B0010338D /* Dependencies.swift */; };
		C88BB8CA1B07E6C90064D411 /* WikipediaAPI.swift in Sources */ = {isa = PBXBuildFile; fileRef = C86E2F3B1AE5A0CA00C31024 /* WikipediaAPI.swift */; };
		C88BB8CC1B07E6C90064D411 /* WikipediaPage.swift in Sources */ = {isa = PBXBuildFile; fileRef = C86E2F3C1AE5A0CA00C31024 /* WikipediaPage.swift */; };
		C88BB8CE1B07E6C90064D411 /* RxSwift.framework in Frameworks */ = {isa = PBXBuildFile; fileRef = C8A56BCA1AD744E600B4673B /* RxSwift.framework */; };
		C88BB8CF1B07E6C90064D411 /* RxCocoa.framework in Frameworks */ = {isa = PBXBuildFile; fileRef = C8F57F431AD02DBE006B8702 /* RxCocoa.framework */; };
		C88BB8D71B07E6C90064D411 /* RxSwift.framework in Embed Frameworks */ = {isa = PBXBuildFile; fileRef = C8A56BCA1AD744E600B4673B /* RxSwift.framework */; settings = {ATTRIBUTES = (CodeSignOnCopy, RemoveHeadersOnCopy, ); }; };
		C88BB8D81B07E6C90064D411 /* RxCocoa.framework in Embed Frameworks */ = {isa = PBXBuildFile; fileRef = C8F57F431AD02DBE006B8702 /* RxCocoa.framework */; settings = {ATTRIBUTES = (CodeSignOnCopy, RemoveHeadersOnCopy, ); }; };
		C88C786D1B3EB0A00061C5AB /* RxTableViewSectionedAnimatedDataSource.swift in Sources */ = {isa = PBXBuildFile; fileRef = C88C78631B3EB0A00061C5AB /* RxTableViewSectionedAnimatedDataSource.swift */; };
		C88C786E1B3EB0A00061C5AB /* RxTableViewSectionedDataSource.swift in Sources */ = {isa = PBXBuildFile; fileRef = C88C78641B3EB0A00061C5AB /* RxTableViewSectionedDataSource.swift */; };
		C88C786F1B3EB0A00061C5AB /* RxTableViewSectionedReloadDataSource.swift in Sources */ = {isa = PBXBuildFile; fileRef = C88C78651B3EB0A00061C5AB /* RxTableViewSectionedReloadDataSource.swift */; };
		C88C78721B3EB0A00061C5AB /* SectionedViewType.swift in Sources */ = {isa = PBXBuildFile; fileRef = C88C78691B3EB0A00061C5AB /* SectionedViewType.swift */; };
		C88C78731B3EB0A00061C5AB /* SectionModel.swift in Sources */ = {isa = PBXBuildFile; fileRef = C88C786A1B3EB0A00061C5AB /* SectionModel.swift */; };
		C88C788F1B3F14FD0061C5AB /* Changeset.swift in Sources */ = {isa = PBXBuildFile; fileRef = C88C788E1B3F14FD0061C5AB /* Changeset.swift */; };
		C88C78951B3F20DB0061C5AB /* Differentiator.swift in Sources */ = {isa = PBXBuildFile; fileRef = C88C78941B3F20DB0061C5AB /* Differentiator.swift */; };
		C88C78991B4012A90061C5AB /* SectionModelType.swift in Sources */ = {isa = PBXBuildFile; fileRef = C88C78981B4012A90061C5AB /* SectionModelType.swift */; };
		C890A6581AEBD26B00AFF7E6 /* GitHubSignupViewController.swift in Sources */ = {isa = PBXBuildFile; fileRef = C890A6571AEBD26B00AFF7E6 /* GitHubSignupViewController.swift */; };
		C890A65A1AEBD28A00AFF7E6 /* GitHubAPI.swift in Sources */ = {isa = PBXBuildFile; fileRef = C890A6591AEBD28A00AFF7E6 /* GitHubAPI.swift */; };
		C890A65D1AEC084100AFF7E6 /* ViewController.swift in Sources */ = {isa = PBXBuildFile; fileRef = C890A65C1AEC084100AFF7E6 /* ViewController.swift */; };
		C8A2A2C81B4049E300F11F09 /* PseudoRandomGenerator.swift in Sources */ = {isa = PBXBuildFile; fileRef = C8A2A2C71B4049E300F11F09 /* PseudoRandomGenerator.swift */; };
		C8A2A2CB1B404A1200F11F09 /* Randomizer.swift in Sources */ = {isa = PBXBuildFile; fileRef = C8A2A2CA1B404A1200F11F09 /* Randomizer.swift */; };
		C8A56BCB1AD744E600B4673B /* RxSwift.framework in Frameworks */ = {isa = PBXBuildFile; fileRef = C8A56BCA1AD744E600B4673B /* RxSwift.framework */; };
		C8A56BCC1AD744E600B4673B /* RxSwift.framework in Embed Frameworks */ = {isa = PBXBuildFile; fileRef = C8A56BCA1AD744E600B4673B /* RxSwift.framework */; settings = {ATTRIBUTES = (CodeSignOnCopy, RemoveHeadersOnCopy, ); }; };
		C8A57F741B40AF7C00D5570A /* Random.xcdatamodeld in Sources */ = {isa = PBXBuildFile; fileRef = C8A57F721B40AF7C00D5570A /* Random.xcdatamodeld */; };
		C8C46DA81B47F7110020D71E /* CollectionViewImageCell.swift in Sources */ = {isa = PBXBuildFile; fileRef = C8C46DA31B47F7110020D71E /* CollectionViewImageCell.swift */; };
		C8C46DA91B47F7110020D71E /* WikipediaImageCell.xib in Resources */ = {isa = PBXBuildFile; fileRef = C8C46DA41B47F7110020D71E /* WikipediaImageCell.xib */; };
		C8C46DAA1B47F7110020D71E /* WikipediaSearchCell.swift in Sources */ = {isa = PBXBuildFile; fileRef = C8C46DA51B47F7110020D71E /* WikipediaSearchCell.swift */; };
		C8C46DAB1B47F7110020D71E /* WikipediaSearchCell.xib in Resources */ = {isa = PBXBuildFile; fileRef = C8C46DA61B47F7110020D71E /* WikipediaSearchCell.xib */; };
		C8C46DAC1B47F7110020D71E /* WikipediaSearchViewController.swift in Sources */ = {isa = PBXBuildFile; fileRef = C8C46DA71B47F7110020D71E /* WikipediaSearchViewController.swift */; };
		C8DF92CD1B0B2F84009BCF9A /* AppDelegate.swift in Sources */ = {isa = PBXBuildFile; fileRef = C8DF92C81B0B2F84009BCF9A /* AppDelegate.swift */; };
		C8DF92DF1B0B328B009BCF9A /* AppDelegate.swift in Sources */ = {isa = PBXBuildFile; fileRef = C8DF92DE1B0B328B009BCF9A /* AppDelegate.swift */; };
		C8DF92E31B0B32DA009BCF9A /* LaunchScreen.xib in Resources */ = {isa = PBXBuildFile; fileRef = C8DF92E01B0B32DA009BCF9A /* LaunchScreen.xib */; };
		C8DF92E41B0B32DA009BCF9A /* Main.storyboard in Resources */ = {isa = PBXBuildFile; fileRef = C8DF92E11B0B32DA009BCF9A /* Main.storyboard */; };
		C8DF92E51B0B32DA009BCF9A /* RootViewController.swift in Sources */ = {isa = PBXBuildFile; fileRef = C8DF92E21B0B32DA009BCF9A /* RootViewController.swift */; };
		C8DF92E71B0B32F2009BCF9A /* Main.storyboard in Resources */ = {isa = PBXBuildFile; fileRef = C8DF92E61B0B32F2009BCF9A /* Main.storyboard */; };
		C8DF92EA1B0B38C0009BCF9A /* Images.xcassets in Resources */ = {isa = PBXBuildFile; fileRef = C8DF92E91B0B38C0009BCF9A /* Images.xcassets */; };
		C8DF92EB1B0B38C0009BCF9A /* Images.xcassets in Resources */ = {isa = PBXBuildFile; fileRef = C8DF92E91B0B38C0009BCF9A /* Images.xcassets */; };
		C8DF92F61B0B43A4009BCF9A /* IntroductionExampleViewController.swift in Sources */ = {isa = PBXBuildFile; fileRef = C8DF92F51B0B43A4009BCF9A /* IntroductionExampleViewController.swift */; };
		C8F57F441AD02DBE006B8702 /* RxCocoa.framework in Frameworks */ = {isa = PBXBuildFile; fileRef = C8F57F431AD02DBE006B8702 /* RxCocoa.framework */; };
		C8F57F451AD02DBE006B8702 /* RxCocoa.framework in Embed Frameworks */ = {isa = PBXBuildFile; fileRef = C8F57F431AD02DBE006B8702 /* RxCocoa.framework */; settings = {ATTRIBUTES = (CodeSignOnCopy, RemoveHeadersOnCopy, ); }; };
/* End PBXBuildFile section */

/* Begin PBXCopyFilesBuildPhase section */
		C83367351AD029C700C668A7 /* Embed Frameworks */ = {
			isa = PBXCopyFilesBuildPhase;
			buildActionMask = 2147483647;
			dstPath = "";
			dstSubfolderSpec = 10;
			files = (
				C8A56BCC1AD744E600B4673B /* RxSwift.framework in Embed Frameworks */,
				C8F57F451AD02DBE006B8702 /* RxCocoa.framework in Embed Frameworks */,
			);
			name = "Embed Frameworks";
			runOnlyForDeploymentPostprocessing = 0;
		};
		C88BB8D61B07E6C90064D411 /* Embed Frameworks */ = {
			isa = PBXCopyFilesBuildPhase;
			buildActionMask = 2147483647;
			dstPath = "";
			dstSubfolderSpec = 10;
			files = (
				C88BB8D71B07E6C90064D411 /* RxSwift.framework in Embed Frameworks */,
				C88BB8D81B07E6C90064D411 /* RxCocoa.framework in Embed Frameworks */,
			);
			name = "Embed Frameworks";
			runOnlyForDeploymentPostprocessing = 0;
		};
/* End PBXCopyFilesBuildPhase section */

/* Begin PBXFileReference section */
		0706E1951B14AF5100BA2D3A /* DetailViewController.swift */ = {isa = PBXFileReference; fileEncoding = 4; lastKnownFileType = sourcecode.swift; path = DetailViewController.swift; sourceTree = "<group>"; };
		0706E19A1B17361100BA2D3A /* UIImageView+Extensions.swift */ = {isa = PBXFileReference; fileEncoding = 4; lastKnownFileType = sourcecode.swift; path = "UIImageView+Extensions.swift"; sourceTree = "<group>"; };
		0706E19C1B176EE200BA2D3A /* String+extensions.swift */ = {isa = PBXFileReference; fileEncoding = 4; lastKnownFileType = sourcecode.swift; path = "String+extensions.swift"; sourceTree = "<group>"; };
		0706E19E1B17703E00BA2D3A /* RandomUserAPI.swift */ = {isa = PBXFileReference; fileEncoding = 4; lastKnownFileType = sourcecode.swift; path = RandomUserAPI.swift; sourceTree = "<group>"; };
		07E300061B14995F00F00100 /* TableViewController.swift */ = {isa = PBXFileReference; fileEncoding = 4; lastKnownFileType = sourcecode.swift; path = TableViewController.swift; sourceTree = "<group>"; };
		07E300081B149A2A00F00100 /* User.swift */ = {isa = PBXFileReference; fileEncoding = 4; lastKnownFileType = sourcecode.swift; path = User.swift; sourceTree = "<group>"; };
		07E3C2321B03605B0010338D /* Dependencies.swift */ = {isa = PBXFileReference; fileEncoding = 4; lastKnownFileType = sourcecode.swift; name = Dependencies.swift; path = Examples/Dependencies.swift; sourceTree = "<group>"; };
		C83366DD1AD0293800C668A7 /* RxExample.app */ = {isa = PBXFileReference; explicitFileType = wrapper.application; includeInIndex = 0; path = RxExample.app; sourceTree = BUILT_PRODUCTS_DIR; };
		C833670F1AD029AE00C668A7 /* Example.swift */ = {isa = PBXFileReference; fileEncoding = 4; lastKnownFileType = sourcecode.swift; path = Example.swift; sourceTree = "<group>"; };
		C83367111AD029AE00C668A7 /* HtmlParsing.swift */ = {isa = PBXFileReference; fileEncoding = 4; lastKnownFileType = sourcecode.swift; path = HtmlParsing.swift; sourceTree = "<group>"; };
		C83367121AD029AE00C668A7 /* ImageService.swift */ = {isa = PBXFileReference; fileEncoding = 4; lastKnownFileType = sourcecode.swift; path = ImageService.swift; sourceTree = "<group>"; };
		C83367211AD029AE00C668A7 /* Wireframe.swift */ = {isa = PBXFileReference; fileEncoding = 4; lastKnownFileType = sourcecode.swift; path = Wireframe.swift; sourceTree = "<group>"; };
		C859B9A31B45C5D900D012D7 /* PartialUpdatesViewController.swift */ = {isa = PBXFileReference; fileEncoding = 4; lastKnownFileType = sourcecode.swift; path = PartialUpdatesViewController.swift; sourceTree = "<group>"; };
		C859B9A51B45C80700D012D7 /* RxCollectionViewSectionedReloadDataSource.swift */ = {isa = PBXFileReference; fileEncoding = 4; lastKnownFileType = sourcecode.swift; path = RxCollectionViewSectionedReloadDataSource.swift; sourceTree = "<group>"; };
		C859B9A71B45C83700D012D7 /* RxCollectionViewSectionedDataSource.swift */ = {isa = PBXFileReference; fileEncoding = 4; lastKnownFileType = sourcecode.swift; path = RxCollectionViewSectionedDataSource.swift; sourceTree = "<group>"; };
		C859B9A91B45CB0900D012D7 /* RxCollectionViewSectionedAnimatedDataSource.swift */ = {isa = PBXFileReference; fileEncoding = 4; lastKnownFileType = sourcecode.swift; path = RxCollectionViewSectionedAnimatedDataSource.swift; sourceTree = "<group>"; };
		C859B9AB1B45CF9100D012D7 /* NumberCell.swift */ = {isa = PBXFileReference; fileEncoding = 4; lastKnownFileType = sourcecode.swift; path = NumberCell.swift; sourceTree = "<group>"; };
		C859B9AD1B45CFAB00D012D7 /* NumberSectionView.swift */ = {isa = PBXFileReference; fileEncoding = 4; lastKnownFileType = sourcecode.swift; path = NumberSectionView.swift; sourceTree = "<group>"; };
		C86E2F321AE5A0CA00C31024 /* SearchResultViewModel.swift */ = {isa = PBXFileReference; fileEncoding = 4; lastKnownFileType = sourcecode.swift; lineEnding = 0; path = SearchResultViewModel.swift; sourceTree = "<group>"; xcLanguageSpecificationIdentifier = xcode.lang.swift; };
		C86E2F331AE5A0CA00C31024 /* SearchViewModel.swift */ = {isa = PBXFileReference; fileEncoding = 4; lastKnownFileType = sourcecode.swift; lineEnding = 0; path = SearchViewModel.swift; sourceTree = "<group>"; xcLanguageSpecificationIdentifier = xcode.lang.swift; };
		C86E2F3B1AE5A0CA00C31024 /* WikipediaAPI.swift */ = {isa = PBXFileReference; fileEncoding = 4; lastKnownFileType = sourcecode.swift; path = WikipediaAPI.swift; sourceTree = "<group>"; };
		C86E2F3C1AE5A0CA00C31024 /* WikipediaPage.swift */ = {isa = PBXFileReference; fileEncoding = 4; lastKnownFileType = sourcecode.swift; lineEnding = 0; path = WikipediaPage.swift; sourceTree = "<group>"; xcLanguageSpecificationIdentifier = xcode.lang.swift; };
		C86E2F3D1AE5A0CA00C31024 /* WikipediaSearchResult.swift */ = {isa = PBXFileReference; fileEncoding = 4; lastKnownFileType = sourcecode.swift; lineEnding = 0; path = WikipediaSearchResult.swift; sourceTree = "<group>"; xcLanguageSpecificationIdentifier = xcode.lang.swift; };
		C88BB8DC1B07E6C90064D411 /* RxExample.app */ = {isa = PBXFileReference; explicitFileType = wrapper.application; includeInIndex = 0; path = RxExample.app; sourceTree = BUILT_PRODUCTS_DIR; };
		C88C78631B3EB0A00061C5AB /* RxTableViewSectionedAnimatedDataSource.swift */ = {isa = PBXFileReference; fileEncoding = 4; lastKnownFileType = sourcecode.swift; path = RxTableViewSectionedAnimatedDataSource.swift; sourceTree = "<group>"; };
		C88C78641B3EB0A00061C5AB /* RxTableViewSectionedDataSource.swift */ = {isa = PBXFileReference; fileEncoding = 4; lastKnownFileType = sourcecode.swift; path = RxTableViewSectionedDataSource.swift; sourceTree = "<group>"; };
		C88C78651B3EB0A00061C5AB /* RxTableViewSectionedReloadDataSource.swift */ = {isa = PBXFileReference; fileEncoding = 4; lastKnownFileType = sourcecode.swift; path = RxTableViewSectionedReloadDataSource.swift; sourceTree = "<group>"; };
		C88C78691B3EB0A00061C5AB /* SectionedViewType.swift */ = {isa = PBXFileReference; fileEncoding = 4; lastKnownFileType = sourcecode.swift; path = SectionedViewType.swift; sourceTree = "<group>"; };
		C88C786A1B3EB0A00061C5AB /* SectionModel.swift */ = {isa = PBXFileReference; fileEncoding = 4; lastKnownFileType = sourcecode.swift; path = SectionModel.swift; sourceTree = "<group>"; };
		C88C788E1B3F14FD0061C5AB /* Changeset.swift */ = {isa = PBXFileReference; fileEncoding = 4; lastKnownFileType = sourcecode.swift; path = Changeset.swift; sourceTree = "<group>"; };
		C88C78941B3F20DB0061C5AB /* Differentiator.swift */ = {isa = PBXFileReference; fileEncoding = 4; lastKnownFileType = sourcecode.swift; path = Differentiator.swift; sourceTree = "<group>"; };
		C88C78981B4012A90061C5AB /* SectionModelType.swift */ = {isa = PBXFileReference; fileEncoding = 4; lastKnownFileType = sourcecode.swift; path = SectionModelType.swift; sourceTree = "<group>"; };
		C890A6571AEBD26B00AFF7E6 /* GitHubSignupViewController.swift */ = {isa = PBXFileReference; fileEncoding = 4; lastKnownFileType = sourcecode.swift; lineEnding = 0; name = GitHubSignupViewController.swift; path = Views/GitHubSignupViewController.swift; sourceTree = "<group>"; xcLanguageSpecificationIdentifier = xcode.lang.swift; };
		C890A6591AEBD28A00AFF7E6 /* GitHubAPI.swift */ = {isa = PBXFileReference; fileEncoding = 4; lastKnownFileType = sourcecode.swift; lineEnding = 0; name = GitHubAPI.swift; path = GitHubAPI/GitHubAPI.swift; sourceTree = "<group>"; xcLanguageSpecificationIdentifier = xcode.lang.swift; };
		C890A65C1AEC084100AFF7E6 /* ViewController.swift */ = {isa = PBXFileReference; fileEncoding = 4; lastKnownFileType = sourcecode.swift; path = ViewController.swift; sourceTree = "<group>"; };
		C8A2A2C71B4049E300F11F09 /* PseudoRandomGenerator.swift */ = {isa = PBXFileReference; fileEncoding = 4; lastKnownFileType = sourcecode.swift; path = PseudoRandomGenerator.swift; sourceTree = "<group>"; };
		C8A2A2CA1B404A1200F11F09 /* Randomizer.swift */ = {isa = PBXFileReference; fileEncoding = 4; lastKnownFileType = sourcecode.swift; path = Randomizer.swift; sourceTree = "<group>"; };
		C8A56BCA1AD744E600B4673B /* RxSwift.framework */ = {isa = PBXFileReference; explicitFileType = wrapper.framework; path = RxSwift.framework; sourceTree = BUILT_PRODUCTS_DIR; };
		C8A57F731B40AF7C00D5570A /* Random.xcdatamodel */ = {isa = PBXFileReference; lastKnownFileType = wrapper.xcdatamodel; path = Random.xcdatamodel; sourceTree = "<group>"; };
		C8AF26F11B49ABD300131C03 /* README.md */ = {isa = PBXFileReference; fileEncoding = 4; lastKnownFileType = net.daringfireball.markdown; path = README.md; sourceTree = "<group>"; };
		C8C46DA31B47F7110020D71E /* CollectionViewImageCell.swift */ = {isa = PBXFileReference; fileEncoding = 4; lastKnownFileType = sourcecode.swift; path = CollectionViewImageCell.swift; sourceTree = "<group>"; };
		C8C46DA41B47F7110020D71E /* WikipediaImageCell.xib */ = {isa = PBXFileReference; fileEncoding = 4; lastKnownFileType = file.xib; path = WikipediaImageCell.xib; sourceTree = "<group>"; };
		C8C46DA51B47F7110020D71E /* WikipediaSearchCell.swift */ = {isa = PBXFileReference; fileEncoding = 4; lastKnownFileType = sourcecode.swift; path = WikipediaSearchCell.swift; sourceTree = "<group>"; };
		C8C46DA61B47F7110020D71E /* WikipediaSearchCell.xib */ = {isa = PBXFileReference; fileEncoding = 4; lastKnownFileType = file.xib; path = WikipediaSearchCell.xib; sourceTree = "<group>"; };
		C8C46DA71B47F7110020D71E /* WikipediaSearchViewController.swift */ = {isa = PBXFileReference; fileEncoding = 4; lastKnownFileType = sourcecode.swift; path = WikipediaSearchViewController.swift; sourceTree = "<group>"; };
		C8DF92C81B0B2F84009BCF9A /* AppDelegate.swift */ = {isa = PBXFileReference; fileEncoding = 4; lastKnownFileType = sourcecode.swift; path = AppDelegate.swift; sourceTree = "<group>"; };
		C8DF92DE1B0B328B009BCF9A /* AppDelegate.swift */ = {isa = PBXFileReference; fileEncoding = 4; lastKnownFileType = sourcecode.swift; path = AppDelegate.swift; sourceTree = "<group>"; };
		C8DF92E01B0B32DA009BCF9A /* LaunchScreen.xib */ = {isa = PBXFileReference; fileEncoding = 4; lastKnownFileType = file.xib; path = LaunchScreen.xib; sourceTree = "<group>"; };
		C8DF92E11B0B32DA009BCF9A /* Main.storyboard */ = {isa = PBXFileReference; fileEncoding = 4; lastKnownFileType = file.storyboard; path = Main.storyboard; sourceTree = "<group>"; };
		C8DF92E21B0B32DA009BCF9A /* RootViewController.swift */ = {isa = PBXFileReference; fileEncoding = 4; lastKnownFileType = sourcecode.swift; path = RootViewController.swift; sourceTree = "<group>"; };
		C8DF92E61B0B32F2009BCF9A /* Main.storyboard */ = {isa = PBXFileReference; fileEncoding = 4; lastKnownFileType = file.storyboard; path = Main.storyboard; sourceTree = "<group>"; };
		C8DF92E91B0B38C0009BCF9A /* Images.xcassets */ = {isa = PBXFileReference; lastKnownFileType = folder.assetcatalog; path = Images.xcassets; sourceTree = "<group>"; };
		C8DF92F01B0B3E67009BCF9A /* Info-OSX.plist */ = {isa = PBXFileReference; fileEncoding = 4; lastKnownFileType = text.plist.xml; path = "Info-OSX.plist"; sourceTree = "<group>"; };
		C8DF92F21B0B3E71009BCF9A /* Info-iOS.plist */ = {isa = PBXFileReference; fileEncoding = 4; lastKnownFileType = text.plist.xml; path = "Info-iOS.plist"; sourceTree = "<group>"; };
		C8DF92F51B0B43A4009BCF9A /* IntroductionExampleViewController.swift */ = {isa = PBXFileReference; fileEncoding = 4; lastKnownFileType = sourcecode.swift; lineEnding = 0; path = IntroductionExampleViewController.swift; sourceTree = "<group>"; xcLanguageSpecificationIdentifier = xcode.lang.swift; };
		C8F57F431AD02DBE006B8702 /* RxCocoa.framework */ = {isa = PBXFileReference; explicitFileType = wrapper.framework; path = RxCocoa.framework; sourceTree = BUILT_PRODUCTS_DIR; };
/* End PBXFileReference section */

/* Begin PBXFrameworksBuildPhase section */
		C83366DA1AD0293800C668A7 /* Frameworks */ = {
			isa = PBXFrameworksBuildPhase;
			buildActionMask = 2147483647;
			files = (
				C8A56BCB1AD744E600B4673B /* RxSwift.framework in Frameworks */,
				C8F57F441AD02DBE006B8702 /* RxCocoa.framework in Frameworks */,
			);
			runOnlyForDeploymentPostprocessing = 0;
		};
		C88BB8CD1B07E6C90064D411 /* Frameworks */ = {
			isa = PBXFrameworksBuildPhase;
			buildActionMask = 2147483647;
			files = (
				C88BB8CE1B07E6C90064D411 /* RxSwift.framework in Frameworks */,
				C88BB8CF1B07E6C90064D411 /* RxCocoa.framework in Frameworks */,
			);
			runOnlyForDeploymentPostprocessing = 0;
		};
/* End PBXFrameworksBuildPhase section */

/* Begin PBXGroup section */
		0706E1A01B1770C800BA2D3A /* RandomUserAPI */ = {
			isa = PBXGroup;
			children = (
				07E300081B149A2A00F00100 /* User.swift */,
				0706E19E1B17703E00BA2D3A /* RandomUserAPI.swift */,
			);
			name = RandomUserAPI;
			sourceTree = "<group>";
		};
		0706E1A11B1770D300BA2D3A /* Controllers */ = {
			isa = PBXGroup;
			children = (
				07E300061B14995F00F00100 /* TableViewController.swift */,
				0706E1951B14AF5100BA2D3A /* DetailViewController.swift */,
			);
			name = Controllers;
			sourceTree = "<group>";
		};
		0706E1A21B1770E200BA2D3A /* UIKitExtensions */ = {
			isa = PBXGroup;
			children = (
				0706E19A1B17361100BA2D3A /* UIImageView+Extensions.swift */,
				0706E19C1B176EE200BA2D3A /* String+extensions.swift */,
			);
			name = UIKitExtensions;
			sourceTree = "<group>";
		};
		07E300051B14994500F00100 /* 04 TableView */ = {
			isa = PBXGroup;
			children = (
				0706E1A01B1770C800BA2D3A /* RandomUserAPI */,
				0706E1A11B1770D300BA2D3A /* Controllers */,
				0706E1A21B1770E200BA2D3A /* UIKitExtensions */,
			);
			name = "04 TableView";
			path = TableView;
			sourceTree = "<group>";
		};
		C83366D41AD0293800C668A7 = {
			isa = PBXGroup;
			children = (
				C8A56BCA1AD744E600B4673B /* RxSwift.framework */,
				C8F57F431AD02DBE006B8702 /* RxCocoa.framework */,
				C88C78611B3EB0A00061C5AB /* RxDataSourceStarterKit */,
				C83366DF1AD0293800C668A7 /* RxExample */,
				C83366DE1AD0293800C668A7 /* Products */,
			);
			sourceTree = "<group>";
		};
		C83366DE1AD0293800C668A7 /* Products */ = {
			isa = PBXGroup;
			children = (
				C83366DD1AD0293800C668A7 /* RxExample.app */,
				C88BB8DC1B07E6C90064D411 /* RxExample.app */,
			);
			name = Products;
			sourceTree = "<group>";
		};
		C83366DF1AD0293800C668A7 /* RxExample */ = {
			isa = PBXGroup;
			children = (
				C8DF92E91B0B38C0009BCF9A /* Images.xcassets */,
				C86E2F2E1AE5A0CA00C31024 /* Examples */,
				C83367101AD029AE00C668A7 /* Services */,
				07E3C2321B03605B0010338D /* Dependencies.swift */,
				C890A65C1AEC084100AFF7E6 /* ViewController.swift */,
				C833670F1AD029AE00C668A7 /* Example.swift */,
				C83367211AD029AE00C668A7 /* Wireframe.swift */,
				C8DF92D11B0B2F8C009BCF9A /* OSX */,
				C8DF92C71B0B2F84009BCF9A /* iOS */,
				C83366E01AD0293800C668A7 /* Supporting Files */,
			);
			path = RxExample;
			sourceTree = "<group>";
		};
		C83366E01AD0293800C668A7 /* Supporting Files */ = {
			isa = PBXGroup;
			children = (
				C8DF92F21B0B3E71009BCF9A /* Info-iOS.plist */,
				C8DF92F01B0B3E67009BCF9A /* Info-OSX.plist */,
			);
			name = "Supporting Files";
			sourceTree = "<group>";
		};
		C83367101AD029AE00C668A7 /* Services */ = {
			isa = PBXGroup;
			children = (
				C83367111AD029AE00C668A7 /* HtmlParsing.swift */,
				C83367121AD029AE00C668A7 /* ImageService.swift */,
				C8A2A2C71B4049E300F11F09 /* PseudoRandomGenerator.swift */,
				C8A2A2CA1B404A1200F11F09 /* Randomizer.swift */,
			);
			path = Services;
			sourceTree = "<group>";
		};
		C859B9A21B45C5D900D012D7 /* 05 PartialUpdates */ = {
			isa = PBXGroup;
			children = (
				C859B9A31B45C5D900D012D7 /* PartialUpdatesViewController.swift */,
				C859B9AB1B45CF9100D012D7 /* NumberCell.swift */,
				C859B9AD1B45CFAB00D012D7 /* NumberSectionView.swift */,
			);
			name = "05 PartialUpdates";
			path = PartialUpdates;
			sourceTree = "<group>";
		};
		C86E2F2E1AE5A0CA00C31024 /* Examples */ = {
			isa = PBXGroup;
			children = (
				C8DF92F41B0B4392009BCF9A /* 01 Introduction */,
				C86E2F4C1AE5A10900C31024 /* 02 GitHubSignup */,
				C86E2F301AE5A0CA00C31024 /* 03 WikipediaImageSearch */,
				07E300051B14994500F00100 /* 04 TableView */,
				C859B9A21B45C5D900D012D7 /* 05 PartialUpdates */,
				C8A57F711B40AF4E00D5570A /* 06 CoreData */,
			);
			path = Examples;
			sourceTree = "<group>";
		};
		C86E2F301AE5A0CA00C31024 /* 03 WikipediaImageSearch */ = {
			isa = PBXGroup;
			children = (
				C86E2F311AE5A0CA00C31024 /* ViewModels */,
				C86E2F341AE5A0CA00C31024 /* Views */,
				C86E2F3A1AE5A0CA00C31024 /* WikipediaAPI */,
			);
			name = "03 WikipediaImageSearch";
			path = WikipediaImageSearch;
			sourceTree = "<group>";
		};
		C86E2F311AE5A0CA00C31024 /* ViewModels */ = {
			isa = PBXGroup;
			children = (
				C86E2F321AE5A0CA00C31024 /* SearchResultViewModel.swift */,
				C86E2F331AE5A0CA00C31024 /* SearchViewModel.swift */,
			);
			path = ViewModels;
			sourceTree = "<group>";
		};
		C86E2F341AE5A0CA00C31024 /* Views */ = {
			isa = PBXGroup;
			children = (
				C8C46DA31B47F7110020D71E /* CollectionViewImageCell.swift */,
				C8C46DA41B47F7110020D71E /* WikipediaImageCell.xib */,
				C8C46DA51B47F7110020D71E /* WikipediaSearchCell.swift */,
				C8C46DA61B47F7110020D71E /* WikipediaSearchCell.xib */,
				C8C46DA71B47F7110020D71E /* WikipediaSearchViewController.swift */,
			);
			path = Views;
			sourceTree = "<group>";
		};
		C86E2F3A1AE5A0CA00C31024 /* WikipediaAPI */ = {
			isa = PBXGroup;
			children = (
				C86E2F3B1AE5A0CA00C31024 /* WikipediaAPI.swift */,
				C86E2F3C1AE5A0CA00C31024 /* WikipediaPage.swift */,
				C86E2F3D1AE5A0CA00C31024 /* WikipediaSearchResult.swift */,
			);
			path = WikipediaAPI;
			sourceTree = "<group>";
		};
		C86E2F4C1AE5A10900C31024 /* 02 GitHubSignup */ = {
			isa = PBXGroup;
			children = (
				C890A6571AEBD26B00AFF7E6 /* GitHubSignupViewController.swift */,
				C890A6591AEBD28A00AFF7E6 /* GitHubAPI.swift */,
			);
			name = "02 GitHubSignup";
			path = GitHubSignup;
			sourceTree = "<group>";
		};
		C88C78611B3EB0A00061C5AB /* RxDataSourceStarterKit */ = {
			isa = PBXGroup;
			children = (
				C8AF26F11B49ABD300131C03 /* README.md */,
				C88C78621B3EB0A00061C5AB /* DataSources */,
				C88C788E1B3F14FD0061C5AB /* Changeset.swift */,
				C88C78691B3EB0A00061C5AB /* SectionedViewType.swift */,
				C88C78981B4012A90061C5AB /* SectionModelType.swift */,
				C88C786A1B3EB0A00061C5AB /* SectionModel.swift */,
				C88C78941B3F20DB0061C5AB /* Differentiator.swift */,
			);
			name = RxDataSourceStarterKit;
			path = ../RxDataSourceStarterKit;
			sourceTree = "<group>";
		};
		C88C78621B3EB0A00061C5AB /* DataSources */ = {
			isa = PBXGroup;
			children = (
				C88C78631B3EB0A00061C5AB /* RxTableViewSectionedAnimatedDataSource.swift */,
				C88C78641B3EB0A00061C5AB /* RxTableViewSectionedDataSource.swift */,
				C88C78651B3EB0A00061C5AB /* RxTableViewSectionedReloadDataSource.swift */,
				C859B9A51B45C80700D012D7 /* RxCollectionViewSectionedReloadDataSource.swift */,
				C859B9A71B45C83700D012D7 /* RxCollectionViewSectionedDataSource.swift */,
				C859B9A91B45CB0900D012D7 /* RxCollectionViewSectionedAnimatedDataSource.swift */,
			);
			path = DataSources;
			sourceTree = "<group>";
		};
		C8A57F711B40AF4E00D5570A /* 06 CoreData */ = {
			isa = PBXGroup;
			children = (
				C8A57F721B40AF7C00D5570A /* Random.xcdatamodeld */,
			);
			name = "06 CoreData";
			path = CoreData;
			sourceTree = "<group>";
		};
		C8DF92C71B0B2F84009BCF9A /* iOS */ = {
			isa = PBXGroup;
			children = (
				C8DF92E01B0B32DA009BCF9A /* LaunchScreen.xib */,
				C8DF92E11B0B32DA009BCF9A /* Main.storyboard */,
				C8DF92E21B0B32DA009BCF9A /* RootViewController.swift */,
				C8DF92C81B0B2F84009BCF9A /* AppDelegate.swift */,
			);
			path = iOS;
			sourceTree = "<group>";
		};
		C8DF92D11B0B2F8C009BCF9A /* OSX */ = {
			isa = PBXGroup;
			children = (
				C8DF92DE1B0B328B009BCF9A /* AppDelegate.swift */,
				C8DF92E61B0B32F2009BCF9A /* Main.storyboard */,
			);
			path = OSX;
			sourceTree = "<group>";
		};
		C8DF92F41B0B4392009BCF9A /* 01 Introduction */ = {
			isa = PBXGroup;
			children = (
				C8DF92F51B0B43A4009BCF9A /* IntroductionExampleViewController.swift */,
			);
			name = "01 Introduction";
			path = Introduction;
			sourceTree = "<group>";
		};
/* End PBXGroup section */

/* Begin PBXNativeTarget section */
		C83366DC1AD0293800C668A7 /* RxExample-iOS */ = {
			isa = PBXNativeTarget;
			buildConfigurationList = C83366FF1AD0293900C668A7 /* Build configuration list for PBXNativeTarget "RxExample-iOS" */;
			buildPhases = (
				C83366D91AD0293800C668A7 /* Sources */,
				C83366DA1AD0293800C668A7 /* Frameworks */,
				C83366DB1AD0293800C668A7 /* Resources */,
				C83367351AD029C700C668A7 /* Embed Frameworks */,
			);
			buildRules = (
			);
			dependencies = (
			);
			name = "RxExample-iOS";
			productName = RxExample;
			productReference = C83366DD1AD0293800C668A7 /* RxExample.app */;
			productType = "com.apple.product-type.application";
		};
		C88BB8B91B07E6C90064D411 /* RxExample-OSX */ = {
			isa = PBXNativeTarget;
			buildConfigurationList = C88BB8D91B07E6C90064D411 /* Build configuration list for PBXNativeTarget "RxExample-OSX" */;
			buildPhases = (
				C88BB8BA1B07E6C90064D411 /* Sources */,
				C88BB8CD1B07E6C90064D411 /* Frameworks */,
				C88BB8D01B07E6C90064D411 /* Resources */,
				C88BB8D61B07E6C90064D411 /* Embed Frameworks */,
			);
			buildRules = (
			);
			dependencies = (
			);
			name = "RxExample-OSX";
			productName = RxExample;
			productReference = C88BB8DC1B07E6C90064D411 /* RxExample.app */;
			productType = "com.apple.product-type.application";
		};
/* End PBXNativeTarget section */

/* Begin PBXProject section */
		C83366D51AD0293800C668A7 /* Project object */ = {
			isa = PBXProject;
			attributes = {
				LastSwiftUpdateCheck = 0700;
				LastUpgradeCheck = 0640;
				ORGANIZATIONNAME = "Krunoslav Zaher";
				TargetAttributes = {
					C83366DC1AD0293800C668A7 = {
						CreatedOnToolsVersion = 6.2;
					};
				};
			};
			buildConfigurationList = C83366D81AD0293800C668A7 /* Build configuration list for PBXProject "RxExample" */;
			compatibilityVersion = "Xcode 3.2";
			developmentRegion = English;
			hasScannedForEncodings = 0;
			knownRegions = (
				en,
				Base,
			);
			mainGroup = C83366D41AD0293800C668A7;
			productRefGroup = C83366DE1AD0293800C668A7 /* Products */;
			projectDirPath = "";
			projectRoot = "";
			targets = (
				C83366DC1AD0293800C668A7 /* RxExample-iOS */,
				C88BB8B91B07E6C90064D411 /* RxExample-OSX */,
			);
		};
/* End PBXProject section */

/* Begin PBXResourcesBuildPhase section */
		C83366DB1AD0293800C668A7 /* Resources */ = {
			isa = PBXResourcesBuildPhase;
			buildActionMask = 2147483647;
			files = (
				C8C46DAB1B47F7110020D71E /* WikipediaSearchCell.xib in Resources */,
				C8DF92E31B0B32DA009BCF9A /* LaunchScreen.xib in Resources */,
				C8C46DA91B47F7110020D71E /* WikipediaImageCell.xib in Resources */,
				C8DF92EA1B0B38C0009BCF9A /* Images.xcassets in Resources */,
				C8DF92E41B0B32DA009BCF9A /* Main.storyboard in Resources */,
			);
			runOnlyForDeploymentPostprocessing = 0;
		};
		C88BB8D01B07E6C90064D411 /* Resources */ = {
			isa = PBXResourcesBuildPhase;
			buildActionMask = 2147483647;
			files = (
				C8DF92E71B0B32F2009BCF9A /* Main.storyboard in Resources */,
				C8DF92EB1B0B38C0009BCF9A /* Images.xcassets in Resources */,
			);
			runOnlyForDeploymentPostprocessing = 0;
		};
/* End PBXResourcesBuildPhase section */

/* Begin PBXSourcesBuildPhase section */
		C83366D91AD0293800C668A7 /* Sources */ = {
			isa = PBXSourcesBuildPhase;
			buildActionMask = 2147483647;
			files = (
				C88C786D1B3EB0A00061C5AB /* RxTableViewSectionedAnimatedDataSource.swift in Sources */,
				0706E19F1B17703E00BA2D3A /* RandomUserAPI.swift in Sources */,
				C86E2F3E1AE5A0CA00C31024 /* SearchResultViewModel.swift in Sources */,
				C83367241AD029AE00C668A7 /* HtmlParsing.swift in Sources */,
				C859B9AC1B45CF9100D012D7 /* NumberCell.swift in Sources */,
				0706E19B1B17361100BA2D3A /* UIImageView+Extensions.swift in Sources */,
				C859B9AE1B45CFAB00D012D7 /* NumberSectionView.swift in Sources */,
				C8DF92E51B0B32DA009BCF9A /* RootViewController.swift in Sources */,
				C859B9A81B45C83700D012D7 /* RxCollectionViewSectionedDataSource.swift in Sources */,
				C88C788F1B3F14FD0061C5AB /* Changeset.swift in Sources */,
				C8C46DA81B47F7110020D71E /* CollectionViewImageCell.swift in Sources */,
				C8C46DAC1B47F7110020D71E /* WikipediaSearchViewController.swift in Sources */,
				0706E19D1B176EE200BA2D3A /* String+extensions.swift in Sources */,
				C88C78731B3EB0A00061C5AB /* SectionModel.swift in Sources */,
				C86E2F3F1AE5A0CA00C31024 /* SearchViewModel.swift in Sources */,
				0706E1961B14AF5100BA2D3A /* DetailViewController.swift in Sources */,
				C88C78991B4012A90061C5AB /* SectionModelType.swift in Sources */,
				C83367251AD029AE00C668A7 /* ImageService.swift in Sources */,
				C859B9A61B45C80700D012D7 /* RxCollectionViewSectionedReloadDataSource.swift in Sources */,
				C86E2F471AE5A0CA00C31024 /* WikipediaSearchResult.swift in Sources */,
				C890A65A1AEBD28A00AFF7E6 /* GitHubAPI.swift in Sources */,
				C8A2A2C81B4049E300F11F09 /* PseudoRandomGenerator.swift in Sources */,
				C88C78721B3EB0A00061C5AB /* SectionedViewType.swift in Sources */,
				C83367231AD029AE00C668A7 /* Example.swift in Sources */,
				C890A65D1AEC084100AFF7E6 /* ViewController.swift in Sources */,
				C88C78951B3F20DB0061C5AB /* Differentiator.swift in Sources */,
				C8C46DAA1B47F7110020D71E /* WikipediaSearchCell.swift in Sources */,
				C890A6581AEBD26B00AFF7E6 /* GitHubSignupViewController.swift in Sources */,
				C8A57F741B40AF7C00D5570A /* Random.xcdatamodeld in Sources */,
				C88C786F1B3EB0A00061C5AB /* RxTableViewSectionedReloadDataSource.swift in Sources */,
				C859B9AA1B45CB0900D012D7 /* RxCollectionViewSectionedAnimatedDataSource.swift in Sources */,
				C83367311AD029AE00C668A7 /* Wireframe.swift in Sources */,
				07E300071B14995F00F00100 /* TableViewController.swift in Sources */,
				C859B9A41B45C5D900D012D7 /* PartialUpdatesViewController.swift in Sources */,
				07E3C2331B03605B0010338D /* Dependencies.swift in Sources */,
				C86E2F451AE5A0CA00C31024 /* WikipediaAPI.swift in Sources */,
				C8DF92CD1B0B2F84009BCF9A /* AppDelegate.swift in Sources */,
				C88C786E1B3EB0A00061C5AB /* RxTableViewSectionedDataSource.swift in Sources */,
				C86E2F461AE5A0CA00C31024 /* WikipediaPage.swift in Sources */,
				C8A2A2CB1B404A1200F11F09 /* Randomizer.swift in Sources */,
				07E300091B149A2A00F00100 /* User.swift in Sources */,
			);
			runOnlyForDeploymentPostprocessing = 0;
		};
		C88BB8BA1B07E6C90064D411 /* Sources */ = {
			isa = PBXSourcesBuildPhase;
			buildActionMask = 2147483647;
			files = (
				C8DF92DF1B0B328B009BCF9A /* AppDelegate.swift in Sources */,
				C88BB8BB1B07E6C90064D411 /* SearchResultViewModel.swift in Sources */,
				C88BB8BC1B07E6C90064D411 /* HtmlParsing.swift in Sources */,
				C88BB8BD1B07E6C90064D411 /* SearchViewModel.swift in Sources */,
				C88BB8BE1B07E6C90064D411 /* ImageService.swift in Sources */,
				C88BB8BF1B07E6C90064D411 /* WikipediaSearchResult.swift in Sources */,
				C8DF92F61B0B43A4009BCF9A /* IntroductionExampleViewController.swift in Sources */,
				C88BB8C31B07E6C90064D411 /* Example.swift in Sources */,
				C88BB8C41B07E6C90064D411 /* ViewController.swift in Sources */,
				C88BB8C61B07E6C90064D411 /* Wireframe.swift in Sources */,
				C88BB8C71B07E6C90064D411 /* Dependencies.swift in Sources */,
				C88BB8CA1B07E6C90064D411 /* WikipediaAPI.swift in Sources */,
				C88BB8CC1B07E6C90064D411 /* WikipediaPage.swift in Sources */,
			);
			runOnlyForDeploymentPostprocessing = 0;
		};
/* End PBXSourcesBuildPhase section */

/* Begin XCBuildConfiguration section */
		C83366FD1AD0293900C668A7 /* Debug */ = {
			isa = XCBuildConfiguration;
			buildSettings = {
				ALWAYS_SEARCH_USER_PATHS = NO;
				ASSETCATALOG_COMPILER_APPICON_NAME = AppIcon;
				CLANG_CXX_LANGUAGE_STANDARD = "gnu++0x";
				CLANG_CXX_LIBRARY = "libc++";
				CLANG_ENABLE_MODULES = YES;
				CLANG_ENABLE_OBJC_ARC = YES;
				CLANG_WARN_BOOL_CONVERSION = YES;
				CLANG_WARN_CONSTANT_CONVERSION = YES;
				CLANG_WARN_DIRECT_OBJC_ISA_USAGE = YES_ERROR;
				CLANG_WARN_EMPTY_BODY = YES;
				CLANG_WARN_ENUM_CONVERSION = YES;
				CLANG_WARN_INT_CONVERSION = YES;
				CLANG_WARN_OBJC_ROOT_CLASS = YES_ERROR;
				CLANG_WARN_UNREACHABLE_CODE = YES;
				CLANG_WARN__DUPLICATE_METHOD_MATCH = YES;
				"CODE_SIGN_IDENTITY[sdk=iphoneos*]" = "iPhone Developer";
				COPY_PHASE_STRIP = NO;
				EMBEDDED_CONTENT_CONTAINS_SWIFT = YES;
				ENABLE_STRICT_OBJC_MSGSEND = YES;
				GCC_C_LANGUAGE_STANDARD = gnu99;
				GCC_DYNAMIC_NO_PIC = NO;
				GCC_OPTIMIZATION_LEVEL = 0;
				GCC_PREPROCESSOR_DEFINITIONS = (
					"DEBUG=1",
					"$(inherited)",
				);
				GCC_SYMBOLS_PRIVATE_EXTERN = NO;
				GCC_WARN_64_TO_32_BIT_CONVERSION = YES;
				GCC_WARN_ABOUT_RETURN_TYPE = YES_ERROR;
				GCC_WARN_UNDECLARED_SELECTOR = YES;
				GCC_WARN_UNINITIALIZED_AUTOS = YES_AGGRESSIVE;
				GCC_WARN_UNUSED_FUNCTION = YES;
				GCC_WARN_UNUSED_VARIABLE = YES;
				INFOPLIST_FILE = RxExample/Info.plist;
				IPHONEOS_DEPLOYMENT_TARGET = 8.2;
				MTL_ENABLE_DEBUG_INFO = YES;
				ONLY_ACTIVE_ARCH = YES;
				OTHER_SWIFT_FLAGS = "-D DEBUG -D TRACE_RESOURCES";
				PRODUCT_NAME = RxExample;
				SDKROOT = "";
				SWIFT_OPTIMIZATION_LEVEL = "-Onone";
				TARGETED_DEVICE_FAMILY = "1,2";
			};
			name = Debug;
		};
		C83366FE1AD0293900C668A7 /* Release */ = {
			isa = XCBuildConfiguration;
			buildSettings = {
				ALWAYS_SEARCH_USER_PATHS = NO;
				ASSETCATALOG_COMPILER_APPICON_NAME = AppIcon;
				CLANG_CXX_LANGUAGE_STANDARD = "gnu++0x";
				CLANG_CXX_LIBRARY = "libc++";
				CLANG_ENABLE_MODULES = YES;
				CLANG_ENABLE_OBJC_ARC = YES;
				CLANG_WARN_BOOL_CONVERSION = YES;
				CLANG_WARN_CONSTANT_CONVERSION = YES;
				CLANG_WARN_DIRECT_OBJC_ISA_USAGE = YES_ERROR;
				CLANG_WARN_EMPTY_BODY = YES;
				CLANG_WARN_ENUM_CONVERSION = YES;
				CLANG_WARN_INT_CONVERSION = YES;
				CLANG_WARN_OBJC_ROOT_CLASS = YES_ERROR;
				CLANG_WARN_UNREACHABLE_CODE = YES;
				CLANG_WARN__DUPLICATE_METHOD_MATCH = YES;
				"CODE_SIGN_IDENTITY[sdk=iphoneos*]" = "iPhone Developer";
				COPY_PHASE_STRIP = NO;
				EMBEDDED_CONTENT_CONTAINS_SWIFT = YES;
				ENABLE_NS_ASSERTIONS = NO;
				ENABLE_STRICT_OBJC_MSGSEND = YES;
				GCC_C_LANGUAGE_STANDARD = gnu99;
				GCC_WARN_64_TO_32_BIT_CONVERSION = YES;
				GCC_WARN_ABOUT_RETURN_TYPE = YES_ERROR;
				GCC_WARN_UNDECLARED_SELECTOR = YES;
				GCC_WARN_UNINITIALIZED_AUTOS = YES_AGGRESSIVE;
				GCC_WARN_UNUSED_FUNCTION = YES;
				GCC_WARN_UNUSED_VARIABLE = YES;
				INFOPLIST_FILE = RxExample/Info.plist;
				IPHONEOS_DEPLOYMENT_TARGET = 8.2;
				MTL_ENABLE_DEBUG_INFO = NO;
				OTHER_SWIFT_FLAGS = "-D RELEASE";
				PRODUCT_NAME = RxExample;
				SDKROOT = "";
				TARGETED_DEVICE_FAMILY = "1,2";
				VALIDATE_PRODUCT = YES;
			};
			name = Release;
		};
		C83367001AD0293900C668A7 /* Debug */ = {
			isa = XCBuildConfiguration;
			buildSettings = {
				FRAMEWORK_SEARCH_PATHS = (
					"$(inherited)",
					"$(USER_LIBRARY_DIR)/Developer/Xcode/DerivedData/Rx-cfkyozdvlaegqibzixjokeysigeo/Build/Products/Release-iphoneos",
					"$(USER_LIBRARY_DIR)/Developer/Xcode/DerivedData/Rx-cfkyozdvlaegqibzixjokeysigeo/Build/Products/Debug-iphoneos",
					"/Users/kzaher/Projects/Rx/RxSwift/build/Debug-iphoneos",
				);
				INFOPLIST_FILE = "RxExample/Info-iOS.plist";
				IPHONEOS_DEPLOYMENT_TARGET = 8.0;
				LD_RUNPATH_SEARCH_PATHS = "$(inherited) @executable_path/Frameworks";
				OTHER_LDFLAGS = "-objc_loadall";
				SDKROOT = iphoneos;
			};
			name = Debug;
		};
		C83367011AD0293900C668A7 /* Release */ = {
			isa = XCBuildConfiguration;
			buildSettings = {
				FRAMEWORK_SEARCH_PATHS = (
					"$(inherited)",
					"$(USER_LIBRARY_DIR)/Developer/Xcode/DerivedData/Rx-cfkyozdvlaegqibzixjokeysigeo/Build/Products/Release-iphoneos",
					"$(USER_LIBRARY_DIR)/Developer/Xcode/DerivedData/Rx-cfkyozdvlaegqibzixjokeysigeo/Build/Products/Debug-iphoneos",
					"/Users/kzaher/Projects/Rx/RxSwift/build/Debug-iphoneos",
				);
				INFOPLIST_FILE = "RxExample/Info-iOS.plist";
				IPHONEOS_DEPLOYMENT_TARGET = 8.0;
				LD_RUNPATH_SEARCH_PATHS = "$(inherited) @executable_path/Frameworks";
				OTHER_LDFLAGS = "-objc_loadall";
				SDKROOT = iphoneos;
			};
			name = Release;
		};
		C88BB8DA1B07E6C90064D411 /* Debug */ = {
			isa = XCBuildConfiguration;
			buildSettings = {
				COMBINE_HIDPI_IMAGES = YES;
				FRAMEWORK_SEARCH_PATHS = "$(DEVELOPER_FRAMEWORKS_DIR)";
				INFOPLIST_FILE = "RxExample/Info-OSX.plist";
				LD_RUNPATH_SEARCH_PATHS = "$(inherited) @loader_path/../Frameworks @executable_path/../Frameworks";
				OTHER_LDFLAGS = "-objc_loadall";
				SDKROOT = macosx;
			};
			name = Debug;
		};
		C88BB8DB1B07E6C90064D411 /* Release */ = {
			isa = XCBuildConfiguration;
			buildSettings = {
				COMBINE_HIDPI_IMAGES = YES;
				FRAMEWORK_SEARCH_PATHS = "$(DEVELOPER_FRAMEWORKS_DIR)";
				INFOPLIST_FILE = "RxExample/Info-OSX.plist";
				LD_RUNPATH_SEARCH_PATHS = "$(inherited) @loader_path/../Frameworks @executable_path/../Frameworks";
				OTHER_LDFLAGS = "-objc_loadall";
				SDKROOT = macosx;
			};
			name = Release;
		};
		C8DF92ED1B0B3DFA009BCF9A /* Release-Tests */ = {
			isa = XCBuildConfiguration;
			buildSettings = {
				ALWAYS_SEARCH_USER_PATHS = NO;
				ASSETCATALOG_COMPILER_APPICON_NAME = AppIcon;
				CLANG_CXX_LANGUAGE_STANDARD = "gnu++0x";
				CLANG_CXX_LIBRARY = "libc++";
				CLANG_ENABLE_MODULES = YES;
				CLANG_ENABLE_OBJC_ARC = YES;
				CLANG_WARN_BOOL_CONVERSION = YES;
				CLANG_WARN_CONSTANT_CONVERSION = YES;
				CLANG_WARN_DIRECT_OBJC_ISA_USAGE = YES_ERROR;
				CLANG_WARN_EMPTY_BODY = YES;
				CLANG_WARN_ENUM_CONVERSION = YES;
				CLANG_WARN_INT_CONVERSION = YES;
				CLANG_WARN_OBJC_ROOT_CLASS = YES_ERROR;
				CLANG_WARN_UNREACHABLE_CODE = YES;
				CLANG_WARN__DUPLICATE_METHOD_MATCH = YES;
				"CODE_SIGN_IDENTITY[sdk=iphoneos*]" = "iPhone Developer";
				COPY_PHASE_STRIP = NO;
				EMBEDDED_CONTENT_CONTAINS_SWIFT = YES;
				ENABLE_NS_ASSERTIONS = NO;
				ENABLE_STRICT_OBJC_MSGSEND = YES;
				GCC_C_LANGUAGE_STANDARD = gnu99;
				GCC_PREPROCESSOR_DEFINITIONS = "";
				GCC_WARN_64_TO_32_BIT_CONVERSION = YES;
				GCC_WARN_ABOUT_RETURN_TYPE = YES_ERROR;
				GCC_WARN_UNDECLARED_SELECTOR = YES;
				GCC_WARN_UNINITIALIZED_AUTOS = YES_AGGRESSIVE;
				GCC_WARN_UNUSED_FUNCTION = YES;
				GCC_WARN_UNUSED_VARIABLE = YES;
				INFOPLIST_FILE = RxExample/Info.plist;
				IPHONEOS_DEPLOYMENT_TARGET = 8.2;
				MTL_ENABLE_DEBUG_INFO = NO;
				OTHER_SWIFT_FLAGS = "-D TRACE_RESOURCES";
				PRODUCT_NAME = RxExample;
				SDKROOT = "";
				TARGETED_DEVICE_FAMILY = "1,2";
				VALIDATE_PRODUCT = YES;
			};
			name = "Release-Tests";
		};
		C8DF92EE1B0B3DFA009BCF9A /* Release-Tests */ = {
			isa = XCBuildConfiguration;
			buildSettings = {
				FRAMEWORK_SEARCH_PATHS = (
					"$(inherited)",
					"$(USER_LIBRARY_DIR)/Developer/Xcode/DerivedData/Rx-cfkyozdvlaegqibzixjokeysigeo/Build/Products/Release-iphoneos",
					"$(USER_LIBRARY_DIR)/Developer/Xcode/DerivedData/Rx-cfkyozdvlaegqibzixjokeysigeo/Build/Products/Debug-iphoneos",
					"/Users/kzaher/Projects/Rx/RxSwift/build/Debug-iphoneos",
				);
				INFOPLIST_FILE = "RxExample/Info-iOS.plist";
				IPHONEOS_DEPLOYMENT_TARGET = 8.0;
				LD_RUNPATH_SEARCH_PATHS = "$(inherited) @executable_path/Frameworks";
				OTHER_LDFLAGS = "-objc_loadall";
				SDKROOT = iphoneos;
			};
			name = "Release-Tests";
		};
		C8DF92EF1B0B3DFA009BCF9A /* Release-Tests */ = {
			isa = XCBuildConfiguration;
			buildSettings = {
				COMBINE_HIDPI_IMAGES = YES;
				FRAMEWORK_SEARCH_PATHS = "$(DEVELOPER_FRAMEWORKS_DIR)";
				INFOPLIST_FILE = "RxExample/Info-OSX.plist";
				LD_RUNPATH_SEARCH_PATHS = "$(inherited) @loader_path/../Frameworks @executable_path/../Frameworks";
				OTHER_LDFLAGS = "-objc_loadall";
				SDKROOT = macosx;
			};
			name = "Release-Tests";
		};
/* End XCBuildConfiguration section */

/* Begin XCConfigurationList section */
		C83366D81AD0293800C668A7 /* Build configuration list for PBXProject "RxExample" */ = {
			isa = XCConfigurationList;
			buildConfigurations = (
				C83366FD1AD0293900C668A7 /* Debug */,
				C83366FE1AD0293900C668A7 /* Release */,
				C8DF92ED1B0B3DFA009BCF9A /* Release-Tests */,
			);
			defaultConfigurationIsVisible = 0;
			defaultConfigurationName = Release;
		};
		C83366FF1AD0293900C668A7 /* Build configuration list for PBXNativeTarget "RxExample-iOS" */ = {
			isa = XCConfigurationList;
			buildConfigurations = (
				C83367001AD0293900C668A7 /* Debug */,
				C83367011AD0293900C668A7 /* Release */,
				C8DF92EE1B0B3DFA009BCF9A /* Release-Tests */,
			);
			defaultConfigurationIsVisible = 0;
			defaultConfigurationName = Release;
		};
		C88BB8D91B07E6C90064D411 /* Build configuration list for PBXNativeTarget "RxExample-OSX" */ = {
			isa = XCConfigurationList;
			buildConfigurations = (
				C88BB8DA1B07E6C90064D411 /* Debug */,
				C88BB8DB1B07E6C90064D411 /* Release */,
				C8DF92EF1B0B3DFA009BCF9A /* Release-Tests */,
			);
			defaultConfigurationIsVisible = 0;
			defaultConfigurationName = Release;
		};
/* End XCConfigurationList section */

/* Begin XCVersionGroup section */
		C8A57F721B40AF7C00D5570A /* Random.xcdatamodeld */ = {
			isa = XCVersionGroup;
			children = (
				C8A57F731B40AF7C00D5570A /* Random.xcdatamodel */,
			);
			currentVersion = C8A57F731B40AF7C00D5570A /* Random.xcdatamodel */;
			path = Random.xcdatamodeld;
			sourceTree = "<group>";
			versionGroupType = wrapper.xcdatamodel;
		};
/* End XCVersionGroup section */
	};
	rootObject = C83366D51AD0293800C668A7 /* Project object */;
}
